{"format_version":"1.0","provider_schemas":{"registry.terraform.io/dopplerhq/doppler":{"provider":{"version":0,"block":{"attributes":{"doppler_token":{"type":"string","description":"A Doppler token, either a personal or service token. This can also be set via the DOPPLER_TOKEN environment variable.","description_kind":"plain","required":true},"host":{"type":"string","description":"The Doppler API host (i.e. https://api.doppler.com). This can also be set via the DOPPLER_API_HOST environment variable.","description_kind":"plain","optional":true},"verify_tls":{"type":"bool","description":"Whether or not to verify TLS. This can also be set via the DOPPLER_VERIFY_TLS environment variable.","description_kind":"plain","optional":true}},"description_kind":"plain"}},"resource_schemas":{"doppler_config":{"version":0,"block":{"attributes":{"environment":{"type":"string","description":"The name of the Doppler environment where the config is located","description_kind":"plain","required":true},"id":{"type":"string","description_kind":"plain","optional":true,"computed":true},"name":{"type":"string","description":"The name of the Doppler config","description_kind":"plain","required":true},"project":{"type":"string","description":"The name of the Doppler project where the config is located","description_kind":"plain","required":true}},"description_kind":"plain"}},"doppler_environment":{"version":0,"block":{"attributes":{"id":{"type":"string","description_kind":"plain","optional":true,"computed":true},"name":{"type":"string","description":"The name of the Doppler environment","description_kind":"plain","required":true},"personal_configs":{"type":"bool","description":"Whether or not personal configs are enabled for the environment","description_kind":"plain","optional":true},"project":{"type":"string","description":"The name of the Doppler project where the environment is located","description_kind":"plain","required":true},"slug":{"type":"string","description":"The slug of the Doppler environment","description_kind":"plain","required":true}},"description_kind":"plain"}},"doppler_group":{"version":0,"block":{"attributes":{"default_project_role":{"type":"string","description":"The default project role assigned to the group when added to a Doppler project","description_kind":"plain","optional":true},"id":{"type":"string","description_kind":"plain","optional":true,"computed":true},"name":{"type":"string","description":"The name of the group","description_kind":"plain","required":true},"slug":{"type":"string","description":"The slug of the group","description_kind":"plain","computed":true}},"description_kind":"plain"}},"doppler_group_member":{"version":0,"block":{"attributes":{"group_slug":{"type":"string","description":"The slug of the Doppler group","description_kind":"plain","required":true},"id":{"type":"string","description_kind":"plain","optional":true,"computed":true},"user_slug":{"type":"string","description":"The slug of the Doppler workplace user","description_kind":"plain","required":true}},"description_kind":"plain"}},"doppler_integration_aws_parameter_store":{"version":0,"block":{"attributes":{"assume_role_arn":{"type":"string","description":"The ARN of the AWS role for Doppler to assume","description_kind":"plain","required":true},"id":{"type":"string","description_kind":"plain","optional":true,"computed":true},"name":{"type":"string","description":"The name of the integration","description_kind":"plain","required":true}},"description_kind":"plain"}},"doppler_integration_aws_secrets_manager":{"version":0,"block":{"attributes":{"assume_role_arn":{"type":"string","description":"The ARN of the AWS role for Doppler to assume","description_kind":"plain","required":true},"id":{"type":"string","description_kind":"plain","optional":true,"computed":true},"name":{"type":"string","description":"The name of the integration","description_kind":"plain","required":true}},"description_kind":"plain"}},"doppler_integration_flyio":{"version":0,"block":{"attributes":{"api_key":{"type":"string","description":"A Fly.io API key.","description_kind":"plain","required":true,"sensitive":true},"id":{"type":"string","description_kind":"plain","optional":true,"computed":true},"name":{"type":"string","description":"The name of the integration","description_kind":"plain","required":true}},"description_kind":"plain"}},"doppler_integration_terraform_cloud":{"version":0,"block":{"attributes":{"api_key":{"type":"string","description":"A Terraform Cloud API key.","description_kind":"plain","required":true,"sensitive":true},"id":{"type":"string","description_kind":"plain","optional":true,"computed":true},"name":{"type":"string","description":"The name of the integration","description_kind":"plain","required":true}},"description_kind":"plain"}},"doppler_project":{"version":0,"block":{"attributes":{"description":{"type":"string","description":"The description of the Doppler project","description_kind":"plain","optional":true},"id":{"type":"string","description_kind":"plain","optional":true,"computed":true},"name":{"type":"string","description":"The name of the Doppler project","description_kind":"plain","required":true}},"description_kind":"plain"}},"doppler_project_member_group":{"version":0,"block":{"attributes":{"environments":{"type":["set","string"],"description":"The environments in the project where this access will apply (null or omitted for roles with access to all environments)","description_kind":"plain","optional":true},"group_slug":{"type":"string","description":"The slug of the Doppler group","description_kind":"plain","required":true},"id":{"type":"string","description_kind":"plain","optional":true,"computed":true},"project":{"type":"string","description":"The name of the Doppler project where the access is applied","description_kind":"plain","required":true},"role":{"type":"string","description":"The project role identifier for the access","description_kind":"plain","required":true}},"description_kind":"plain"}},"doppler_project_member_service_account":{"version":0,"block":{"attributes":{"environments":{"type":["set","string"],"description":"The environments in the project where this access will apply (null or omitted for roles with access to all environments)","description_kind":"plain","optional":true},"id":{"type":"string","description_kind":"plain","optional":true,"computed":true},"project":{"type":"string","description":"The name of the Doppler project where the access is applied","description_kind":"plain","required":true},"role":{"type":"string","description":"The project role identifier for the access","description_kind":"plain","required":true},"service_account_slug":{"type":"string","description":"The slug of the Doppler service account","description_kind":"plain","required":true}},"description_kind":"plain"}},"doppler_project_role":{"version":0,"block":{"attributes":{"id":{"type":"string","description_kind":"plain","optional":true,"computed":true},"identifier":{"type":"string","description":"The role's unique identifier","description_kind":"plain","computed":true},"is_custom_role":{"type":"bool","description":"Whether or not the role is custom (as opposed to Doppler built-in)","description_kind":"plain","computed":true},"name":{"type":"string","description":"The name of the Doppler project role","description_kind":"plain","required":true},"permissions":{"type":["set","string"],"description":"A list of [Doppler project permissions](https://docs.doppler.com/reference/project_roles-create)","description_kind":"plain","required":true}},"description_kind":"plain"}},"doppler_secret":{"version":0,"block":{"attributes":{"computed":{"type":"string","description":"The computed secret value, after resolving secret references","description_kind":"plain","computed":true,"sensitive":true},"config":{"type":"string","description":"The name of the Doppler config","description_kind":"plain","required":true},"id":{"type":"string","description_kind":"plain","optional":true,"computed":true},"name":{"type":"string","description":"The name of the Doppler secret","description_kind":"plain","required":true},"project":{"type":"string","description":"The name of the Doppler project","description_kind":"plain","required":true},"value":{"type":"string","description":"The raw secret value","description_kind":"plain","required":true,"sensitive":true},"visibility":{"type":"string","description":"The visibility of the secret","description_kind":"plain","optional":true}},"description_kind":"plain"}},"doppler_secrets_sync_aws_parameter_store":{"version":0,"block":{"attributes":{"config":{"type":"string","description":"The name of the Doppler config","description_kind":"plain","required":true},"delete_behavior":{"type":"string","description":"The behavior to be performed on the secrets in the sync target when this resource is deleted or recreated. Either `leave_in_target` (default) or `delete_from_target`.","description_kind":"plain","optional":true},"id":{"type":"string","description_kind":"plain","optional":true,"computed":true},"integration":{"type":"string","description":"The slug of the integration to use for this sync","description_kind":"plain","required":true},"kms_key_id":{"type":"string","description":"The AWS KMS key used to encrypt the parameter (ID, Alias, or ARN) ","description_kind":"plain","optional":true},"path":{"type":"string","description":"The path to the parameters in AWS","description_kind":"plain","required":true},"project":{"type":"string","description":"The name of the Doppler project","description_kind":"plain","required":true},"region":{"type":"string","description":"The AWS region","description_kind":"plain","required":true},"secure_string":{"type":"bool","description":"Whether or not the parameters are stored as a secure string","description_kind":"plain","optional":true},"tags":{"type":["map","string"],"description":"AWS tags to attach to the parameters","description_kind":"plain","optional":true}},"description_kind":"plain"}},"doppler_secrets_sync_aws_secrets_manager":{"version":0,"block":{"attributes":{"config":{"type":"string","description":"The name of the Doppler config","description_kind":"plain","required":true},"delete_behavior":{"type":"string","description":"The behavior to be performed on the secrets in the sync target when this resource is deleted or recreated. Either `leave_in_target` (default) or `delete_from_target`.","description_kind":"plain","optional":true},"id":{"type":"string","description_kind":"plain","optional":true,"computed":true},"integration":{"type":"string","description":"The slug of the integration to use for this sync","description_kind":"plain","required":true},"kms_key_id":{"type":"string","description":"The AWS KMS key used to encrypt the secret (ID, Alias, or ARN)","description_kind":"plain","optional":true},"path":{"type":"string","description":"The path to the secret in AWS","description_kind":"plain","required":true},"project":{"type":"string","description":"The name of the Doppler project","description_kind":"plain","required":true},"region":{"type":"string","description":"The AWS region","description_kind":"plain","required":true},"tags":{"type":["map","string"],"description":"AWS tags to attach to the secrets","description_kind":"plain","optional":true},"update_metadata":{"type":"bool","description":"If enabled, Doppler will update the AWS secret metadata (e.g. KMS key) during every sync. If disabled, Doppler will only set secret metadata for new AWS secrets. Note that Doppler never updates tags for existing AWS secrets.","description_kind":"plain","optional":true}},"description_kind":"plain"}},"doppler_secrets_sync_flyio":{"version":0,"block":{"attributes":{"app_id":{"type":"string","description":"The app ID ","description_kind":"plain","required":true},"config":{"type":"string","description":"The name of the Doppler config","description_kind":"plain","required":true},"delete_behavior":{"type":"string","description":"The behavior to be performed on the secrets in the sync target when this resource is deleted or recreated. Either `leave_in_target` (default) or `delete_from_target`.","description_kind":"plain","optional":true},"id":{"type":"string","description_kind":"plain","optional":true,"computed":true},"integration":{"type":"string","description":"The slug of the integration to use for this sync","description_kind":"plain","required":true},"project":{"type":"string","description":"The name of the Doppler project","description_kind":"plain","required":true},"restart_machines":{"type":"bool","description":"Whether or not to restart the Fly.io machines when secrets are updated","description_kind":"plain","required":true}},"description_kind":"plain"}},"doppler_secrets_sync_github_actions":{"version":0,"block":{"attributes":{"config":{"type":"string","description":"The name of the Doppler config","description_kind":"plain","required":true},"delete_behavior":{"type":"string","description":"The behavior to be performed on the secrets in the sync target when this resource is deleted or recreated. Either `leave_in_target` (default) or `delete_from_target`.","description_kind":"plain","optional":true},"environment_name":{"type":"string","description":"The GitHub repo environment name to sync to (only used when `sync_target` is set to \"repo\")","description_kind":"plain","optional":true},"id":{"type":"string","description_kind":"plain","optional":true,"computed":true},"integration":{"type":"string","description":"The slug of the integration to use for this sync","description_kind":"plain","required":true},"org_scope":{"type":"string","description":"Either \"all\" or \"private\", based on the which repos you want to have access (only used when `sync_target` is set to \"org\")","description_kind":"plain","optional":true},"project":{"type":"string","description":"The name of the Doppler project","description_kind":"plain","required":true},"repo_name":{"type":"string","description":"The GitHub repo name to sync to (only used when `sync_target` is set to \"repo\")","description_kind":"plain","optional":true},"sync_target":{"type":"string","description":"Either \"repo\" or \"org\", based on the resource type to sync to","description_kind":"plain","required":true}},"description_kind":"plain"}},"doppler_secrets_sync_terraform_cloud":{"version":0,"block":{"attributes":{"config":{"type":"string","description":"The name of the Doppler config","description_kind":"plain","required":true},"delete_behavior":{"type":"string","description":"The behavior to be performed on the secrets in the sync target when this resource is deleted or recreated. Either `leave_in_target` (default) or `delete_from_target`.","description_kind":"plain","optional":true},"id":{"type":"string","description_kind":"plain","optional":true,"computed":true},"integration":{"type":"string","description":"The slug of the integration to use for this sync","description_kind":"plain","required":true},"name_transform":{"type":"string","description":"A name transform to apply before syncing secrets: \"none\" or \"lowercase\"","description_kind":"plain","required":true},"project":{"type":"string","description":"The name of the Doppler project","description_kind":"plain","required":true},"sync_target":{"type":"string","description":"Either \"workspace\" or \"variableSet\", based on the resource type to sync to","description_kind":"plain","required":true},"variable_set_id":{"type":"string","description":"The Terraform Cloud variable set ID to sync to","description_kind":"plain","optional":true},"variable_sync_type":{"type":"string","description":"Either \"terraform\" to sync secrets as Terraform variables or \"env\" to sync as environment variables","description_kind":"plain","required":true},"workspace_id":{"type":"string","description":"The Terraform Cloud workspace ID to sync to","description_kind":"plain","optional":true}},"description_kind":"plain"}},"doppler_service_account":{"version":0,"block":{"attributes":{"id":{"type":"string","description_kind":"plain","optional":true,"computed":true},"name":{"type":"string","description":"The name of the service account","description_kind":"plain","required":true},"slug":{"type":"string","description":"The slug of the service account","description_kind":"plain","computed":true},"workplace_permissions":{"type":["list","string"],"description":"A list of the workplace permissions for the service account (or use `workplace_role`)","description_kind":"plain","optional":true},"workplace_role":{"type":"string","description":"The identifier of the workplace role for the service account (or use `workplace_permissions`)","description_kind":"plain","optional":true}},"description_kind":"plain"}},"doppler_service_account_token":{"version":0,"block":{"attributes":{"api_key":{"type":"string","description":"The api key used to authenticate the service account","description_kind":"plain","computed":true,"sensitive":true},"created_at":{"type":"string","description":"The datetime that the token was created.","description_kind":"plain","computed":true},"expires_at":{"type":"string","description":"The datetime at which the API token should expire. If not provided, the API token will remain valid indefinitely unless manually revoked","description_kind":"plain","optional":true},"id":{"type":"string","description_kind":"plain","optional":true,"computed":true},"name":{"type":"string","description":"The display name of the API token","description_kind":"plain","required":true},"service_account_slug":{"type":"string","description":"Slug of the service account","description_kind":"plain","required":true},"slug":{"type":"string","description":"Slug of the service account token","description_kind":"plain","computed":true}},"description_kind":"plain"}},"doppler_service_token":{"version":0,"block":{"attributes":{"access":{"type":"string","description":"The access level (read or read/write)","description_kind":"plain","optional":true},"config":{"type":"string","description":"The name of the Doppler config where the service token is located","description_kind":"plain","required":true},"id":{"type":"string","description_kind":"plain","optional":true,"computed":true},"key":{"type":"string","description":"The key for the Doppler service token","description_kind":"plain","computed":true,"sensitive":true},"name":{"type":"string","description":"The name of the Doppler service token","description_kind":"plain","required":true},"project":{"type":"string","description":"The name of the Doppler project where the service token is located","description_kind":"plain","required":true}},"description_kind":"plain"}},"doppler_webhook":{"version":0,"block":{"attributes":{"enabled":{"type":"bool","description":"Whether the webhook is enabled or disabled.  Default to true.","description_kind":"plain","optional":true},"enabled_configs":{"type":["set","string"],"description":"Configs this webhook will trigger for","description_kind":"plain","optional":true},"id":{"type":"string","description_kind":"plain","optional":true,"computed":true},"payload":{"type":"string","description":"The webhook's payload as a JSON string.  Leave empty to use the default webhook payload","description_kind":"plain","optional":true,"sensitive":true},"project":{"type":"string","description":"The name of the Doppler project where the webhook is located","description_kind":"plain","required":true},"secret":{"type":"string","description":"Secret used for request signing","description_kind":"plain","optional":true,"sensitive":true},"slug":{"type":"string","description":"The slug of the Webhook","description_kind":"plain","computed":true},"url":{"type":"string","description":"The URL of the webhook endpoint","description_kind":"plain","required":true}},"block_types":{"authentication":{"nesting_mode":"list","block":{"attributes":{"password":{"type":"string","description_kind":"plain","optional":true,"sensitive":true},"token":{"type":"string","description_kind":"plain","optional":true,"sensitive":true},"type":{"type":"string","description_kind":"plain","required":true},"username":{"type":"string","description_kind":"plain","optional":true}},"description":"Authentication method used by the webhook","description_kind":"plain"},"max_items":1}},"description_kind":"plain"}}},"data_source_schemas":{"doppler_secrets":{"version":0,"block":{"attributes":{"config":{"type":"string","description":"The name of the Doppler config (required for personal tokens)","description_kind":"plain","optional":true},"id":{"type":"string","description_kind":"plain","optional":true,"computed":true},"map":{"type":["map","string"],"description":"A mapping of secret names to computed secret values","description_kind":"plain","computed":true,"sensitive":true},"project":{"type":"string","description":"The name of the Doppler project (required for personal tokens)","description_kind":"plain","optional":true}},"description_kind":"plain"}},"doppler_user":{"version":0,"block":{"attributes":{"email":{"type":"string","description":"The email address of the Doppler user","description_kind":"plain","required":true},"id":{"type":"string","description_kind":"plain","optional":true,"computed":true},"slug":{"type":"string","description":"The slug of the Doppler user","description_kind":"plain","computed":true}},"description_kind":"plain"}}}},"registry.terraform.io/goauthentik/authentik":{"provider":{"version":0,"block":{"attributes":{"headers":{"type":["map","string"],"description":"Optional HTTP headers sent with every request","description_kind":"markdown","optional":true,"sensitive":true},"insecure":{"type":"bool","description":"Whether to skip TLS verification, can optionally be passed as `AUTHENTIK_INSECURE` environmental variable","description_kind":"markdown","optional":true},"token":{"type":"string","description":"The authentik API token, can optionally be passed as `AUTHENTIK_TOKEN` environmental variable","description_kind":"markdown","required":true,"sensitive":true},"url":{"type":"string","description":"The authentik API endpoint, can optionally be passed as `AUTHENTIK_URL` environmental variable","description_kind":"markdown","required":true}},"description_kind":"plain"}},"resource_schemas":{"authentik_application":{"version":0,"block":{"attributes":{"backchannel_providers":{"type":["list","number"],"description_kind":"plain","optional":true},"group":{"type":"string","description_kind":"plain","optional":true},"id":{"type":"string","description_kind":"plain","optional":true,"computed":true},"meta_description":{"type":"string","description_kind":"plain","optional":true},"meta_icon":{"type":"string","description_kind":"plain","optional":true},"meta_launch_url":{"type":"string","description_kind":"plain","optional":true},"meta_publisher":{"type":"string","description_kind":"plain","optional":true},"name":{"type":"string","description_kind":"plain","required":true},"open_in_new_tab":{"type":"bool","description":"Defaults to `false`.","description_kind":"markdown","optional":true},"policy_engine_mode":{"type":"string","description":"Allowed values:\n  - `all`\n  - `any`\n Defaults to `any`.","description_kind":"markdown","optional":true},"protocol_provider":{"type":"number","description_kind":"plain","optional":true},"slug":{"type":"string","description_kind":"plain","required":true},"uuid":{"type":"string","description":"Generated.","description_kind":"markdown","optional":true,"computed":true}},"description":"Applications --- ","description_kind":"markdown"}},"authentik_application_entitlement":{"version":0,"block":{"attributes":{"application":{"type":"string","description_kind":"plain","required":true},"attributes":{"type":"string","description":"JSON format expected. Use jsonencode() to pass objects. Defaults to `{}`.","description_kind":"markdown","optional":true},"id":{"type":"string","description_kind":"plain","optional":true,"computed":true},"name":{"type":"string","description_kind":"plain","required":true}},"description":"Applications --- ","description_kind":"markdown"}},"authentik_blueprint":{"version":0,"block":{"attributes":{"content":{"type":"string","description_kind":"plain","optional":true},"context":{"type":"string","description":"JSON format expected. Use jsonencode() to pass objects. Defaults to `{}`.","description_kind":"markdown","optional":true},"enabled":{"type":"bool","description":"Defaults to `true`.","description_kind":"markdown","optional":true},"id":{"type":"string","description_kind":"plain","optional":true,"computed":true},"name":{"type":"string","description_kind":"plain","required":true},"path":{"type":"string","description_kind":"plain","optional":true}},"description":"Blueprints --- ","description_kind":"markdown"}},"authentik_brand":{"version":0,"block":{"attributes":{"attributes":{"type":"string","description":"JSON format expected. Use jsonencode() to pass objects. Defaults to `{}`.","description_kind":"markdown","optional":true},"branding_favicon":{"type":"string","description_kind":"plain","optional":true},"branding_logo":{"type":"string","description_kind":"plain","optional":true},"branding_title":{"type":"string","description":"Defaults to `authentik`.","description_kind":"markdown","optional":true},"default":{"type":"bool","description":"Defaults to `false`.","description_kind":"markdown","optional":true},"default_application":{"type":"string","description_kind":"plain","optional":true},"domain":{"type":"string","description_kind":"plain","required":true},"flow_authentication":{"type":"string","description_kind":"plain","optional":true},"flow_device_code":{"type":"string","description_kind":"plain","optional":true},"flow_invalidation":{"type":"string","description_kind":"plain","optional":true},"flow_recovery":{"type":"string","description_kind":"plain","optional":true},"flow_unenrollment":{"type":"string","description_kind":"plain","optional":true},"flow_user_settings":{"type":"string","description_kind":"plain","optional":true},"id":{"type":"string","description_kind":"plain","optional":true,"computed":true},"web_certificate":{"type":"string","description_kind":"plain","optional":true}},"description":"System --- ","description_kind":"markdown"}},"authentik_certificate_key_pair":{"version":0,"block":{"attributes":{"certificate_data":{"type":"string","description_kind":"plain","required":true},"id":{"type":"string","description_kind":"plain","optional":true,"computed":true},"key_data":{"type":"string","description_kind":"plain","optional":true,"sensitive":true},"name":{"type":"string","description_kind":"plain","required":true}},"description":"System --- ","description_kind":"markdown"}},"authentik_enterprise_license":{"version":0,"block":{"attributes":{"expiry":{"type":"number","description":"Generated.","description_kind":"markdown","computed":true},"external_users":{"type":"number","description":"Generated.","description_kind":"markdown","computed":true},"id":{"type":"string","description_kind":"plain","optional":true,"computed":true},"internal_users":{"type":"number","description":"Generated.","description_kind":"markdown","computed":true},"key":{"type":"string","description_kind":"plain","required":true,"sensitive":true},"name":{"type":"string","description":"Generated.","description_kind":"markdown","computed":true}},"description":"Enterprise --- ","description_kind":"markdown"}},"authentik_event_rule":{"version":0,"block":{"attributes":{"group":{"type":"string","description_kind":"plain","optional":true},"id":{"type":"string","description_kind":"plain","optional":true,"computed":true},"name":{"type":"string","description_kind":"plain","required":true},"severity":{"type":"string","description":"Allowed values:\n  - `notice`\n  - `warning`\n  - `alert`\n Defaults to `warning`.","description_kind":"markdown","optional":true},"transports":{"type":["list","string"],"description_kind":"plain","required":true},"webhook_mapping":{"type":"string","description_kind":"plain","optional":true}},"description":"Events --- ","description_kind":"markdown"}},"authentik_event_transport":{"version":0,"block":{"attributes":{"id":{"type":"string","description_kind":"plain","optional":true,"computed":true},"mode":{"type":"string","description":"Allowed values:\n  - `local`\n  - `webhook`\n  - `webhook_slack`\n  - `email`","description_kind":"markdown","required":true},"name":{"type":"string","description_kind":"plain","required":true},"send_once":{"type":"bool","description":"Defaults to `true`.","description_kind":"markdown","optional":true},"webhook_mapping":{"type":"string","description_kind":"plain","optional":true},"webhook_url":{"type":"string","description_kind":"plain","optional":true}},"description":"Events --- ","description_kind":"markdown"}},"authentik_flow":{"version":0,"block":{"attributes":{"authentication":{"type":"string","description":"Allowed values:\n  - `none`\n  - `require_authenticated`\n  - `require_unauthenticated`\n  - `require_superuser`\n  - `require_redirect`\n  - `require_outpost`\n Defaults to `none`.","description_kind":"markdown","optional":true},"background":{"type":"string","description":"Optional URL to an image which will be used as the background during the flow.","description_kind":"markdown","optional":true},"compatibility_mode":{"type":"bool","description":"Defaults to `true`.","description_kind":"markdown","optional":true},"denied_action":{"type":"string","description":"Defaults to `message_continue`.","description_kind":"markdown","optional":true},"designation":{"type":"string","description":"Allowed values:\n  - `authentication`\n  - `authorization`\n  - `invalidation`\n  - `enrollment`\n  - `unenrollment`\n  - `recovery`\n  - `stage_configuration`","description_kind":"markdown","required":true},"id":{"type":"string","description_kind":"plain","optional":true,"computed":true},"layout":{"type":"string","description":"Allowed values:\n  - `stacked`\n  - `content_left`\n  - `content_right`\n  - `sidebar_left`\n  - `sidebar_right`\n Defaults to `stacked`.","description_kind":"markdown","optional":true},"name":{"type":"string","description_kind":"plain","required":true},"policy_engine_mode":{"type":"string","description":"Allowed values:\n  - `all`\n  - `any`\n Defaults to `any`.","description_kind":"markdown","optional":true},"slug":{"type":"string","description_kind":"plain","required":true},"title":{"type":"string","description_kind":"plain","required":true},"uuid":{"type":"string","description":"Generated.","description_kind":"markdown","computed":true}},"description":"Flows \u0026 Stages --- ","description_kind":"markdown"}},"authentik_flow_stage_binding":{"version":0,"block":{"attributes":{"evaluate_on_plan":{"type":"bool","description":"Evaluate policies during the Flow planning process. Defaults to `true`.","description_kind":"markdown","optional":true},"id":{"type":"string","description_kind":"plain","optional":true,"computed":true},"invalid_response_action":{"type":"string","description":"Allowed values:\n  - `retry`\n  - `restart`\n  - `restart_with_context`\n Defaults to `retry`.","description_kind":"markdown","optional":true},"order":{"type":"number","description_kind":"plain","required":true},"policy_engine_mode":{"type":"string","description":"Allowed values:\n  - `all`\n  - `any`\n Defaults to `any`.","description_kind":"markdown","optional":true},"re_evaluate_policies":{"type":"bool","description":"Evaluate policies when the Stage is present to the user. Defaults to `false`.","description_kind":"markdown","optional":true},"stage":{"type":"string","description_kind":"plain","required":true},"target":{"type":"string","description_kind":"plain","required":true}},"description":"Flows \u0026 Stages --- ","description_kind":"markdown"}},"authentik_group":{"version":0,"block":{"attributes":{"attributes":{"type":"string","description":"JSON format expected. Use jsonencode() to pass objects. Defaults to `{}`.","description_kind":"markdown","optional":true},"id":{"type":"string","description_kind":"plain","optional":true,"computed":true},"is_superuser":{"type":"bool","description":"Defaults to `false`.","description_kind":"markdown","optional":true},"name":{"type":"string","description_kind":"plain","required":true},"parent":{"type":"string","description_kind":"plain","optional":true},"roles":{"type":["list","string"],"description_kind":"plain","optional":true},"users":{"type":["list","number"],"description":"Generated.","description_kind":"markdown","optional":true,"computed":true}},"description":"Directory --- ","description_kind":"markdown"}},"authentik_outpost":{"version":0,"block":{"attributes":{"config":{"type":"string","description":"JSON format expected. Use jsonencode() to pass objects. Generated.","description_kind":"markdown","optional":true,"computed":true},"id":{"type":"string","description_kind":"plain","optional":true,"computed":true},"name":{"type":"string","description_kind":"plain","required":true},"protocol_providers":{"type":["list","number"],"description_kind":"plain","required":true},"service_connection":{"type":"string","description_kind":"plain","optional":true},"type":{"type":"string","description":"Allowed values:\n  - `proxy`\n  - `ldap`\n  - `radius`\n  - `rac`\n Defaults to `proxy`.","description_kind":"markdown","optional":true}},"description":"Applications --- ","description_kind":"markdown"}},"authentik_policy_binding":{"version":0,"block":{"attributes":{"enabled":{"type":"bool","description":"Defaults to `true`.","description_kind":"markdown","optional":true},"failure_result":{"type":"bool","description":"Defaults to `false`.","description_kind":"markdown","optional":true},"group":{"type":"string","description":"UUID of the group","description_kind":"markdown","optional":true},"id":{"type":"string","description_kind":"plain","optional":true,"computed":true},"negate":{"type":"bool","description":"Defaults to `false`.","description_kind":"markdown","optional":true},"order":{"type":"number","description_kind":"plain","required":true},"policy":{"type":"string","description":"UUID of the policy","description_kind":"markdown","optional":true},"target":{"type":"string","description":"ID of the object this binding should apply to","description_kind":"markdown","required":true},"timeout":{"type":"number","description":"Defaults to `30`.","description_kind":"markdown","optional":true},"user":{"type":"number","description":"PK of the user","description_kind":"markdown","optional":true}},"description":"Customization --- ","description_kind":"markdown"}},"authentik_policy_dummy":{"version":0,"block":{"attributes":{"execution_logging":{"type":"bool","description":"Defaults to `false`.","description_kind":"markdown","optional":true},"id":{"type":"string","description_kind":"plain","optional":true,"computed":true},"name":{"type":"string","description_kind":"plain","required":true},"result":{"type":"bool","description":"Defaults to `false`.","description_kind":"markdown","optional":true},"wait_max":{"type":"number","description":"Defaults to `30`.","description_kind":"markdown","optional":true},"wait_min":{"type":"number","description":"Defaults to `5`.","description_kind":"markdown","optional":true}},"description":"Customization --- ","description_kind":"markdown"}},"authentik_policy_event_matcher":{"version":0,"block":{"attributes":{"action":{"type":"string","description_kind":"plain","optional":true},"app":{"type":"string","description":"Allowed values:\n  - `authentik.tenants`\n  - `authentik.admin`\n  - `authentik.api`\n  - `authentik.crypto`\n  - `authentik.flows`\n  - `authentik.outposts`\n  - `authentik.policies.dummy`\n  - `authentik.policies.event_matcher`\n  - `authentik.policies.expiry`\n  - `authentik.policies.expression`\n  - `authentik.policies.geoip`\n  - `authentik.policies.password`\n  - `authentik.policies.reputation`\n  - `authentik.policies`\n  - `authentik.providers.ldap`\n  - `authentik.providers.oauth2`\n  - `authentik.providers.proxy`\n  - `authentik.providers.radius`\n  - `authentik.providers.saml`\n  - `authentik.providers.scim`\n  - `authentik.rbac`\n  - `authentik.recovery`\n  - `authentik.sources.kerberos`\n  - `authentik.sources.ldap`\n  - `authentik.sources.oauth`\n  - `authentik.sources.plex`\n  - `authentik.sources.saml`\n  - `authentik.sources.scim`\n  - `authentik.stages.authenticator`\n  - `authentik.stages.authenticator_duo`\n  - `authentik.stages.authenticator_sms`\n  - `authentik.stages.authenticator_static`\n  - `authentik.stages.authenticator_totp`\n  - `authentik.stages.authenticator_validate`\n  - `authentik.stages.authenticator_webauthn`\n  - `authentik.stages.captcha`\n  - `authentik.stages.consent`\n  - `authentik.stages.deny`\n  - `authentik.stages.dummy`\n  - `authentik.stages.email`\n  - `authentik.stages.identification`\n  - `authentik.stages.invitation`\n  - `authentik.stages.password`\n  - `authentik.stages.prompt`\n  - `authentik.stages.redirect`\n  - `authentik.stages.user_delete`\n  - `authentik.stages.user_login`\n  - `authentik.stages.user_logout`\n  - `authentik.stages.user_write`\n  - `authentik.brands`\n  - `authentik.blueprints`\n  - `authentik.core`\n  - `authentik.enterprise`\n  - `authentik.enterprise.audit`\n  - `authentik.enterprise.providers.google_workspace`\n  - `authentik.enterprise.providers.microsoft_entra`\n  - `authentik.enterprise.providers.rac`\n  - `authentik.enterprise.stages.authenticator_endpoint_gdtc`\n  - `authentik.enterprise.stages.source`\n  - `authentik.events`","description_kind":"markdown","optional":true},"client_ip":{"type":"string","description_kind":"plain","optional":true},"execution_logging":{"type":"bool","description":"Defaults to `false`.","description_kind":"markdown","optional":true},"id":{"type":"string","description_kind":"plain","optional":true,"computed":true},"model":{"type":"string","description":"Allowed values:\n  - `authentik_tenants.domain`\n  - `authentik_crypto.certificatekeypair`\n  - `authentik_flows.flow`\n  - `authentik_flows.flowstagebinding`\n  - `authentik_outposts.dockerserviceconnection`\n  - `authentik_outposts.kubernetesserviceconnection`\n  - `authentik_outposts.outpost`\n  - `authentik_policies_dummy.dummypolicy`\n  - `authentik_policies_event_matcher.eventmatcherpolicy`\n  - `authentik_policies_expiry.passwordexpirypolicy`\n  - `authentik_policies_expression.expressionpolicy`\n  - `authentik_policies_geoip.geoippolicy`\n  - `authentik_policies_password.passwordpolicy`\n  - `authentik_policies_reputation.reputationpolicy`\n  - `authentik_policies.policybinding`\n  - `authentik_providers_ldap.ldapprovider`\n  - `authentik_providers_oauth2.scopemapping`\n  - `authentik_providers_oauth2.oauth2provider`\n  - `authentik_providers_proxy.proxyprovider`\n  - `authentik_providers_radius.radiusprovider`\n  - `authentik_providers_radius.radiusproviderpropertymapping`\n  - `authentik_providers_saml.samlprovider`\n  - `authentik_providers_saml.samlpropertymapping`\n  - `authentik_providers_scim.scimprovider`\n  - `authentik_providers_scim.scimmapping`\n  - `authentik_rbac.role`\n  - `authentik_sources_kerberos.kerberossource`\n  - `authentik_sources_kerberos.kerberossourcepropertymapping`\n  - `authentik_sources_kerberos.userkerberossourceconnection`\n  - `authentik_sources_kerberos.groupkerberossourceconnection`\n  - `authentik_sources_ldap.ldapsource`\n  - `authentik_sources_ldap.ldapsourcepropertymapping`\n  - `authentik_sources_oauth.oauthsource`\n  - `authentik_sources_oauth.oauthsourcepropertymapping`\n  - `authentik_sources_oauth.useroauthsourceconnection`\n  - `authentik_sources_oauth.groupoauthsourceconnection`\n  - `authentik_sources_plex.plexsource`\n  - `authentik_sources_plex.plexsourcepropertymapping`\n  - `authentik_sources_plex.userplexsourceconnection`\n  - `authentik_sources_plex.groupplexsourceconnection`\n  - `authentik_sources_saml.samlsource`\n  - `authentik_sources_saml.samlsourcepropertymapping`\n  - `authentik_sources_saml.usersamlsourceconnection`\n  - `authentik_sources_saml.groupsamlsourceconnection`\n  - `authentik_sources_scim.scimsource`\n  - `authentik_sources_scim.scimsourcepropertymapping`\n  - `authentik_stages_authenticator_duo.authenticatorduostage`\n  - `authentik_stages_authenticator_duo.duodevice`\n  - `authentik_stages_authenticator_sms.authenticatorsmsstage`\n  - `authentik_stages_authenticator_sms.smsdevice`\n  - `authentik_stages_authenticator_static.authenticatorstaticstage`\n  - `authentik_stages_authenticator_static.staticdevice`\n  - `authentik_stages_authenticator_totp.authenticatortotpstage`\n  - `authentik_stages_authenticator_totp.totpdevice`\n  - `authentik_stages_authenticator_validate.authenticatorvalidatestage`\n  - `authentik_stages_authenticator_webauthn.authenticatorwebauthnstage`\n  - `authentik_stages_authenticator_webauthn.webauthndevice`\n  - `authentik_stages_captcha.captchastage`\n  - `authentik_stages_consent.consentstage`\n  - `authentik_stages_consent.userconsent`\n  - `authentik_stages_deny.denystage`\n  - `authentik_stages_dummy.dummystage`\n  - `authentik_stages_email.emailstage`\n  - `authentik_stages_identification.identificationstage`\n  - `authentik_stages_invitation.invitationstage`\n  - `authentik_stages_invitation.invitation`\n  - `authentik_stages_password.passwordstage`\n  - `authentik_stages_prompt.prompt`\n  - `authentik_stages_prompt.promptstage`\n  - `authentik_stages_redirect.redirectstage`\n  - `authentik_stages_user_delete.userdeletestage`\n  - `authentik_stages_user_login.userloginstage`\n  - `authentik_stages_user_logout.userlogoutstage`\n  - `authentik_stages_user_write.userwritestage`\n  - `authentik_brands.brand`\n  - `authentik_blueprints.blueprintinstance`\n  - `authentik_core.group`\n  - `authentik_core.user`\n  - `authentik_core.application`\n  - `authentik_core.applicationentitlement`\n  - `authentik_core.token`\n  - `authentik_enterprise.license`\n  - `authentik_providers_google_workspace.googleworkspaceprovider`\n  - `authentik_providers_google_workspace.googleworkspaceprovidermapping`\n  - `authentik_providers_microsoft_entra.microsoftentraprovider`\n  - `authentik_providers_microsoft_entra.microsoftentraprovidermapping`\n  - `authentik_providers_rac.racprovider`\n  - `authentik_providers_rac.endpoint`\n  - `authentik_providers_rac.racpropertymapping`\n  - `authentik_stages_authenticator_endpoint_gdtc.authenticatorendpointgdtcstage`\n  - `authentik_stages_source.sourcestage`\n  - `authentik_events.event`\n  - `authentik_events.notificationtransport`\n  - `authentik_events.notification`\n  - `authentik_events.notificationrule`\n  - `authentik_events.notificationwebhookmapping`","description_kind":"markdown","optional":true},"name":{"type":"string","description_kind":"plain","required":true}},"description":"Customization --- ","description_kind":"markdown"}},"authentik_policy_expiry":{"version":0,"block":{"attributes":{"days":{"type":"number","description_kind":"plain","required":true},"deny_only":{"type":"bool","description":"Defaults to `false`.","description_kind":"markdown","optional":true},"execution_logging":{"type":"bool","description":"Defaults to `false`.","description_kind":"markdown","optional":true},"id":{"type":"string","description_kind":"plain","optional":true,"computed":true},"name":{"type":"string","description_kind":"plain","required":true}},"description":"Customization --- ","description_kind":"markdown"}},"authentik_policy_expression":{"version":0,"block":{"attributes":{"execution_logging":{"type":"bool","description":"Defaults to `false`.","description_kind":"markdown","optional":true},"expression":{"type":"string","description_kind":"plain","required":true},"id":{"type":"string","description_kind":"plain","optional":true,"computed":true},"name":{"type":"string","description_kind":"plain","required":true}},"description":"Customization --- ","description_kind":"markdown"}},"authentik_policy_geoip":{"version":0,"block":{"attributes":{"action":{"type":"string","description_kind":"plain","optional":true},"asns":{"type":["list","number"],"description_kind":"plain","optional":true},"client_ip":{"type":"string","description_kind":"plain","optional":true},"countries":{"type":["list","string"],"description":"Allowed values:\n  - `AF`\n  - `AX`\n  - `AL`\n  - `DZ`\n  - `AS`\n  - `AD`\n  - `AO`\n  - `AI`\n  - `AQ`\n  - `AG`\n  - `AR`\n  - `AM`\n  - `AW`\n  - `AU`\n  - `AT`\n  - `AZ`\n  - `BS`\n  - `BH`\n  - `BD`\n  - `BB`\n  - `BY`\n  - `BE`\n  - `BZ`\n  - `BJ`\n  - `BM`\n  - `BT`\n  - `BO`\n  - `BQ`\n  - `BA`\n  - `BW`\n  - `BV`\n  - `BR`\n  - `IO`\n  - `BN`\n  - `BG`\n  - `BF`\n  - `BI`\n  - `CV`\n  - `KH`\n  - `CM`\n  - `CA`\n  - `KY`\n  - `CF`\n  - `TD`\n  - `CL`\n  - `CN`\n  - `CX`\n  - `CC`\n  - `CO`\n  - `KM`\n  - `CG`\n  - `CD`\n  - `CK`\n  - `CR`\n  - `CI`\n  - `HR`\n  - `CU`\n  - `CW`\n  - `CY`\n  - `CZ`\n  - `DK`\n  - `DJ`\n  - `DM`\n  - `DO`\n  - `EC`\n  - `EG`\n  - `SV`\n  - `GQ`\n  - `ER`\n  - `EE`\n  - `SZ`\n  - `ET`\n  - `FK`\n  - `FO`\n  - `FJ`\n  - `FI`\n  - `FR`\n  - `GF`\n  - `PF`\n  - `TF`\n  - `GA`\n  - `GM`\n  - `GE`\n  - `DE`\n  - `GH`\n  - `GI`\n  - `GR`\n  - `GL`\n  - `GD`\n  - `GP`\n  - `GU`\n  - `GT`\n  - `GG`\n  - `GN`\n  - `GW`\n  - `GY`\n  - `HT`\n  - `HM`\n  - `VA`\n  - `HN`\n  - `HK`\n  - `HU`\n  - `IS`\n  - `IN`\n  - `ID`\n  - `IR`\n  - `IQ`\n  - `IE`\n  - `IM`\n  - `IL`\n  - `IT`\n  - `JM`\n  - `JP`\n  - `JE`\n  - `JO`\n  - `KZ`\n  - `KE`\n  - `KI`\n  - `KW`\n  - `KG`\n  - `LA`\n  - `LV`\n  - `LB`\n  - `LS`\n  - `LR`\n  - `LY`\n  - `LI`\n  - `LT`\n  - `LU`\n  - `MO`\n  - `MG`\n  - `MW`\n  - `MY`\n  - `MV`\n  - `ML`\n  - `MT`\n  - `MH`\n  - `MQ`\n  - `MR`\n  - `MU`\n  - `YT`\n  - `MX`\n  - `FM`\n  - `MD`\n  - `MC`\n  - `MN`\n  - `ME`\n  - `MS`\n  - `MA`\n  - `MZ`\n  - `MM`\n  - `NA`\n  - `NR`\n  - `NP`\n  - `NL`\n  - `NC`\n  - `NZ`\n  - `NI`\n  - `NE`\n  - `NG`\n  - `NU`\n  - `NF`\n  - `KP`\n  - `MK`\n  - `MP`\n  - `NO`\n  - `OM`\n  - `PK`\n  - `PW`\n  - `PS`\n  - `PA`\n  - `PG`\n  - `PY`\n  - `PE`\n  - `PH`\n  - `PN`\n  - `PL`\n  - `PT`\n  - `PR`\n  - `QA`\n  - `RE`\n  - `RO`\n  - `RU`\n  - `RW`\n  - `BL`\n  - `SH`\n  - `KN`\n  - `LC`\n  - `MF`\n  - `PM`\n  - `VC`\n  - `WS`\n  - `SM`\n  - `ST`\n  - `SA`\n  - `SN`\n  - `RS`\n  - `SC`\n  - `SL`\n  - `SG`\n  - `SX`\n  - `SK`\n  - `SI`\n  - `SB`\n  - `SO`\n  - `ZA`\n  - `GS`\n  - `KR`\n  - `SS`\n  - `ES`\n  - `LK`\n  - `SD`\n  - `SR`\n  - `SJ`\n  - `SE`\n  - `CH`\n  - `SY`\n  - `TW`\n  - `TJ`\n  - `TZ`\n  - `TH`\n  - `TL`\n  - `TG`\n  - `TK`\n  - `TO`\n  - `TT`\n  - `TN`\n  - `TR`\n  - `TM`\n  - `TC`\n  - `TV`\n  - `UG`\n  - `UA`\n  - `AE`\n  - `GB`\n  - `UM`\n  - `US`\n  - `UY`\n  - `UZ`\n  - `VU`\n  - `VE`\n  - `VN`\n  - `VG`\n  - `VI`\n  - `WF`\n  - `EH`\n  - `YE`\n  - `ZM`\n  - `ZW`","description_kind":"markdown","optional":true},"execution_logging":{"type":"bool","description":"Defaults to `false`.","description_kind":"markdown","optional":true},"id":{"type":"string","description_kind":"plain","optional":true,"computed":true},"name":{"type":"string","description_kind":"plain","required":true}},"description":"Customization --- ","description_kind":"markdown"}},"authentik_policy_password":{"version":0,"block":{"attributes":{"amount_digits":{"type":"number","description_kind":"plain","optional":true},"amount_lowercase":{"type":"number","description_kind":"plain","optional":true},"amount_symbols":{"type":"number","description_kind":"plain","optional":true},"amount_uppercase":{"type":"number","description_kind":"plain","optional":true},"check_have_i_been_pwned":{"type":"bool","description":"Defaults to `false`.","description_kind":"markdown","optional":true},"check_static_rules":{"type":"bool","description":"Defaults to `true`.","description_kind":"markdown","optional":true},"check_zxcvbn":{"type":"bool","description":"Defaults to `false`.","description_kind":"markdown","optional":true},"error_message":{"type":"string","description_kind":"plain","required":true},"execution_logging":{"type":"bool","description":"Defaults to `false`.","description_kind":"markdown","optional":true},"hibp_allowed_count":{"type":"number","description":"Defaults to `1`.","description_kind":"markdown","optional":true},"id":{"type":"string","description_kind":"plain","optional":true,"computed":true},"length_min":{"type":"number","description_kind":"plain","optional":true},"name":{"type":"string","description_kind":"plain","required":true},"password_field":{"type":"string","description":"Defaults to `password`.","description_kind":"markdown","optional":true},"symbol_charset":{"type":"string","description":"Defaults to `!\\\"#$%\u0026'()*+,-./:;\u003c=\u003e?@[\\]^_`{|}~`.","description_kind":"markdown","optional":true},"zxcvbn_score_threshold":{"type":"number","description":"Defaults to `2`.","description_kind":"markdown","optional":true}},"description":"Customization --- ","description_kind":"markdown"}},"authentik_policy_reputation":{"version":0,"block":{"attributes":{"check_ip":{"type":"bool","description":"Defaults to `true`.","description_kind":"markdown","optional":true},"check_username":{"type":"bool","description":"Defaults to `true`.","description_kind":"markdown","optional":true},"execution_logging":{"type":"bool","description":"Defaults to `false`.","description_kind":"markdown","optional":true},"id":{"type":"string","description_kind":"plain","optional":true,"computed":true},"name":{"type":"string","description_kind":"plain","required":true},"threshold":{"type":"number","description":"Defaults to `10`.","description_kind":"markdown","optional":true}},"description":"Customization --- ","description_kind":"markdown"}},"authentik_property_mapping_google_workspace":{"version":0,"block":{"attributes":{"expression":{"type":"string","description_kind":"plain","required":true},"id":{"type":"string","description_kind":"plain","optional":true,"computed":true},"name":{"type":"string","description_kind":"plain","required":true}},"description":"Customization --- Manage Google Workspace Provider Property mappings\n\n~\u003e This resource is deprecated. Migrate to `authentik_property_mapping_provider_google_workspace`.","description_kind":"markdown","deprecated":true}},"authentik_property_mapping_ldap":{"version":0,"block":{"attributes":{"expression":{"type":"string","description_kind":"plain","required":true},"id":{"type":"string","description_kind":"plain","optional":true,"computed":true},"name":{"type":"string","description_kind":"plain","required":true}},"description":"Customization --- Manage LDAP Source Property mappings\n\n~\u003e This resource is deprecated. Migrate to `authentik_property_mapping_source_ldap`.","description_kind":"markdown","deprecated":true}},"authentik_property_mapping_microsoft_entra":{"version":0,"block":{"attributes":{"expression":{"type":"string","description_kind":"plain","required":true},"id":{"type":"string","description_kind":"plain","optional":true,"computed":true},"name":{"type":"string","description_kind":"plain","required":true}},"description":"Customization --- Manage Microsoft Entra Provider Property mappings\n\n~\u003e This resource is deprecated. Migrate to `authentik_property_mapping_provider_microsoft_entra`.","description_kind":"markdown","deprecated":true}},"authentik_property_mapping_notification":{"version":0,"block":{"attributes":{"expression":{"type":"string","description_kind":"plain","required":true},"id":{"type":"string","description_kind":"plain","optional":true,"computed":true},"name":{"type":"string","description_kind":"plain","required":true}},"description":"Customization --- Manage Notification Property mappings","description_kind":"markdown"}},"authentik_property_mapping_provider_google_workspace":{"version":0,"block":{"attributes":{"expression":{"type":"string","description_kind":"plain","required":true},"id":{"type":"string","description_kind":"plain","optional":true,"computed":true},"name":{"type":"string","description_kind":"plain","required":true}},"description":"Customization --- Manage Google Workspace Provider Property mappings","description_kind":"markdown"}},"authentik_property_mapping_provider_microsoft_entra":{"version":0,"block":{"attributes":{"expression":{"type":"string","description_kind":"plain","required":true},"id":{"type":"string","description_kind":"plain","optional":true,"computed":true},"name":{"type":"string","description_kind":"plain","required":true}},"description":"Customization --- Manage Microsoft Entra Provider Property mappings","description_kind":"markdown"}},"authentik_property_mapping_provider_rac":{"version":0,"block":{"attributes":{"expression":{"type":"string","description_kind":"plain","optional":true},"id":{"type":"string","description_kind":"plain","optional":true,"computed":true},"name":{"type":"string","description_kind":"plain","required":true},"settings":{"type":"string","description":"JSON format expected. Use jsonencode() to pass objects. Defaults to `{}`.","description_kind":"markdown","optional":true}},"description":"Customization --- Manage RAC Provider Property mappings","description_kind":"markdown"}},"authentik_property_mapping_provider_radius":{"version":0,"block":{"attributes":{"expression":{"type":"string","description_kind":"plain","required":true},"id":{"type":"string","description_kind":"plain","optional":true,"computed":true},"name":{"type":"string","description_kind":"plain","required":true}},"description":"Customization --- Manage Radius Provider Property mappings","description_kind":"markdown"}},"authentik_property_mapping_provider_saml":{"version":0,"block":{"attributes":{"expression":{"type":"string","description_kind":"plain","required":true},"friendly_name":{"type":"string","description_kind":"plain","optional":true},"id":{"type":"string","description_kind":"plain","optional":true,"computed":true},"name":{"type":"string","description_kind":"plain","required":true},"saml_name":{"type":"string","description_kind":"plain","required":true}},"description":"Customization --- Manage SAML Provider Property mappings","description_kind":"markdown"}},"authentik_property_mapping_provider_scim":{"version":0,"block":{"attributes":{"expression":{"type":"string","description_kind":"plain","required":true},"id":{"type":"string","description_kind":"plain","optional":true,"computed":true},"name":{"type":"string","description_kind":"plain","required":true}},"description":"Customization --- Manage SCIM Provider Property mappings","description_kind":"markdown"}},"authentik_property_mapping_provider_scope":{"version":0,"block":{"attributes":{"description":{"type":"string","description_kind":"plain","optional":true},"expression":{"type":"string","description_kind":"plain","required":true},"id":{"type":"string","description_kind":"plain","optional":true,"computed":true},"name":{"type":"string","description_kind":"plain","required":true},"scope_name":{"type":"string","description_kind":"plain","required":true}},"description":"Customization --- Manage Scope Provider Property mappings","description_kind":"markdown"}},"authentik_property_mapping_rac":{"version":0,"block":{"attributes":{"expression":{"type":"string","description_kind":"plain","optional":true},"id":{"type":"string","description_kind":"plain","optional":true,"computed":true},"name":{"type":"string","description_kind":"plain","required":true},"settings":{"type":"string","description":"JSON format expected. Use jsonencode() to pass objects. Defaults to `{}`.","description_kind":"markdown","optional":true}},"description":"Customization --- Manage RAC Provider Property mappings\n\n~\u003e This resource is deprecated. Migrate to `authentik_property_mapping_provider_rac`.","description_kind":"markdown","deprecated":true}},"authentik_property_mapping_radius":{"version":0,"block":{"attributes":{"expression":{"type":"string","description_kind":"plain","required":true},"id":{"type":"string","description_kind":"plain","optional":true,"computed":true},"name":{"type":"string","description_kind":"plain","required":true}},"description":"Customization --- Manage Radius Provider Property mappings\n\n~\u003e This resource is deprecated. Migrate to `authentik_property_mapping_provider_radius`.","description_kind":"markdown","deprecated":true}},"authentik_property_mapping_saml":{"version":0,"block":{"attributes":{"expression":{"type":"string","description_kind":"plain","required":true},"friendly_name":{"type":"string","description_kind":"plain","optional":true},"id":{"type":"string","description_kind":"plain","optional":true,"computed":true},"name":{"type":"string","description_kind":"plain","required":true},"saml_name":{"type":"string","description_kind":"plain","required":true}},"description":"Customization --- Manage SAML Provider Property mappings\n\n~\u003e This resource is deprecated. Migrate to `authentik_property_mapping_provider_saml`.","description_kind":"markdown","deprecated":true}},"authentik_property_mapping_scim":{"version":0,"block":{"attributes":{"expression":{"type":"string","description_kind":"plain","required":true},"id":{"type":"string","description_kind":"plain","optional":true,"computed":true},"name":{"type":"string","description_kind":"plain","required":true}},"description":"Customization --- Manage SCIM Provider Property mappings\n\n~\u003e This resource is deprecated. Migrate to `authentik_property_mapping_provider_scim`.","description_kind":"markdown","deprecated":true}},"authentik_property_mapping_source_kerberos":{"version":0,"block":{"attributes":{"expression":{"type":"string","description_kind":"plain","required":true},"id":{"type":"string","description_kind":"plain","optional":true,"computed":true},"name":{"type":"string","description_kind":"plain","required":true}},"description":"Customization --- Manage Kerberos Source Property mappings","description_kind":"markdown"}},"authentik_property_mapping_source_ldap":{"version":0,"block":{"attributes":{"expression":{"type":"string","description_kind":"plain","required":true},"id":{"type":"string","description_kind":"plain","optional":true,"computed":true},"name":{"type":"string","description_kind":"plain","required":true}},"description":"Customization --- Manage LDAP Source Property mappings","description_kind":"markdown"}},"authentik_property_mapping_source_oauth":{"version":0,"block":{"attributes":{"expression":{"type":"string","description_kind":"plain","required":true},"id":{"type":"string","description_kind":"plain","optional":true,"computed":true},"name":{"type":"string","description_kind":"plain","required":true}},"description":"Customization --- Manage OAuth Source Property mappings","description_kind":"markdown"}},"authentik_property_mapping_source_plex":{"version":0,"block":{"attributes":{"expression":{"type":"string","description_kind":"plain","required":true},"id":{"type":"string","description_kind":"plain","optional":true,"computed":true},"name":{"type":"string","description_kind":"plain","required":true}},"description":"Customization --- Manage Plex Source Property mappings","description_kind":"markdown"}},"authentik_property_mapping_source_saml":{"version":0,"block":{"attributes":{"expression":{"type":"string","description_kind":"plain","required":true},"id":{"type":"string","description_kind":"plain","optional":true,"computed":true},"name":{"type":"string","description_kind":"plain","required":true}},"description":"Customization --- Manage SAML Source Property mappings","description_kind":"markdown"}},"authentik_property_mapping_source_scim":{"version":0,"block":{"attributes":{"expression":{"type":"string","description_kind":"plain","required":true},"id":{"type":"string","description_kind":"plain","optional":true,"computed":true},"name":{"type":"string","description_kind":"plain","required":true}},"description":"Customization --- Manage SCIM Source Property mappings","description_kind":"markdown"}},"authentik_provider_google_workspace":{"version":0,"block":{"attributes":{"credentials":{"type":"string","description":"JSON format expected. Use jsonencode() to pass objects. Defaults to `{}`.","description_kind":"markdown","optional":true},"default_group_email_domain":{"type":"string","description_kind":"plain","required":true},"delegated_subject":{"type":"string","description":"Defaults to `seconds=0`.","description_kind":"markdown","optional":true},"exclude_users_service_account":{"type":"bool","description_kind":"plain","optional":true},"filter_group":{"type":"string","description_kind":"plain","optional":true},"group_delete_action":{"type":"string","description":"Allowed values:\n  - `delete`\n  - `do_nothing`\n Defaults to `delete`.","description_kind":"markdown","optional":true},"id":{"type":"string","description_kind":"plain","optional":true,"computed":true},"name":{"type":"string","description_kind":"plain","required":true},"property_mappings":{"type":["list","string"],"description_kind":"plain","optional":true},"property_mappings_group":{"type":["list","string"],"description_kind":"plain","optional":true},"user_delete_action":{"type":"string","description":"Allowed values:\n  - `do_nothing`\n  - `delete`\n  - `suspend`\n Defaults to `delete`.","description_kind":"markdown","optional":true}},"description":"Applications --- ","description_kind":"markdown"}},"authentik_provider_ldap":{"version":0,"block":{"attributes":{"base_dn":{"type":"string","description_kind":"plain","required":true},"bind_flow":{"type":"string","description_kind":"plain","required":true},"bind_mode":{"type":"string","description":"Defaults to `direct`.","description_kind":"markdown","optional":true},"certificate":{"type":"string","description_kind":"plain","optional":true},"gid_start_number":{"type":"number","description":"Defaults to `4000`.","description_kind":"markdown","optional":true},"id":{"type":"string","description_kind":"plain","optional":true,"computed":true},"mfa_support":{"type":"bool","description":"Defaults to `true`.","description_kind":"markdown","optional":true},"name":{"type":"string","description_kind":"plain","required":true},"search_mode":{"type":"string","description":"Defaults to `direct`.","description_kind":"markdown","optional":true},"tls_server_name":{"type":"string","description_kind":"plain","optional":true},"uid_start_number":{"type":"number","description":"Defaults to `2000`.","description_kind":"markdown","optional":true},"unbind_flow":{"type":"string","description_kind":"plain","required":true}},"description":"Applications --- ","description_kind":"markdown"}},"authentik_provider_microsoft_entra":{"version":0,"block":{"attributes":{"client_id":{"type":"string","description_kind":"plain","required":true},"client_secret":{"type":"string","description_kind":"plain","required":true,"sensitive":true},"exclude_users_service_account":{"type":"bool","description_kind":"plain","optional":true},"filter_group":{"type":"string","description_kind":"plain","optional":true},"group_delete_action":{"type":"string","description":"Allowed values:\n  - `delete`\n  - `do_nothing`\n Defaults to `delete`.","description_kind":"markdown","optional":true},"id":{"type":"string","description_kind":"plain","optional":true,"computed":true},"name":{"type":"string","description_kind":"plain","required":true},"property_mappings":{"type":["list","string"],"description_kind":"plain","optional":true},"property_mappings_group":{"type":["list","string"],"description_kind":"plain","optional":true},"tenant_id":{"type":"string","description_kind":"plain","required":true},"user_delete_action":{"type":"string","description":"Allowed values:\n  - `delete`\n  - `do_nothing`\n Defaults to `delete`.","description_kind":"markdown","optional":true}},"description":"Applications --- ","description_kind":"markdown"}},"authentik_provider_oauth2":{"version":0,"block":{"attributes":{"access_code_validity":{"type":"string","description":"Defaults to `minutes=1`.","description_kind":"markdown","optional":true},"access_token_validity":{"type":"string","description":"Defaults to `minutes=10`.","description_kind":"markdown","optional":true},"allowed_redirect_uris":{"type":["list",["map","string"]],"description_kind":"plain","optional":true},"authentication_flow":{"type":"string","description_kind":"plain","optional":true},"authorization_flow":{"type":"string","description_kind":"plain","required":true},"client_id":{"type":"string","description_kind":"plain","required":true},"client_secret":{"type":"string","description":"Generated.","description_kind":"markdown","optional":true,"computed":true,"sensitive":true},"client_type":{"type":"string","description":"Allowed values:\n  - `confidential`\n  - `public`\n Defaults to `confidential`.","description_kind":"markdown","optional":true},"encryption_key":{"type":"string","description_kind":"plain","optional":true},"id":{"type":"string","description_kind":"plain","optional":true,"computed":true},"include_claims_in_id_token":{"type":"bool","description":"Defaults to `true`.","description_kind":"markdown","optional":true},"invalidation_flow":{"type":"string","description_kind":"plain","required":true},"issuer_mode":{"type":"string","description":"Allowed values:\n  - `global`\n  - `per_provider`\n Defaults to `per_provider`.","description_kind":"markdown","optional":true},"jwks_sources":{"type":["list","string"],"description":"Deprecated. Use `jwt_federation_sources` instead.","description_kind":"markdown","optional":true},"jwt_federation_providers":{"type":["list","number"],"description":"JWTs issued by any of the configured providers can be used to authenticate on behalf of this provider.","description_kind":"markdown","optional":true},"jwt_federation_sources":{"type":["list","string"],"description":"JWTs issued by keys configured in any of the selected sources can be used to authenticate on behalf of this provider.","description_kind":"markdown","optional":true},"name":{"type":"string","description_kind":"plain","required":true},"property_mappings":{"type":["list","string"],"description_kind":"plain","optional":true},"refresh_token_validity":{"type":"string","description":"Defaults to `days=30`.","description_kind":"markdown","optional":true},"signing_key":{"type":"string","description_kind":"plain","optional":true},"sub_mode":{"type":"string","description":"Allowed values:\n  - `hashed_user_id`\n  - `user_id`\n  - `user_uuid`\n  - `user_username`\n  - `user_email`\n  - `user_upn`\n Defaults to `hashed_user_id`.","description_kind":"markdown","optional":true}},"description":"Applications --- ","description_kind":"markdown"}},"authentik_provider_proxy":{"version":0,"block":{"attributes":{"access_token_validity":{"type":"string","description":"Defaults to `minutes=10`.","description_kind":"markdown","optional":true},"authentication_flow":{"type":"string","description_kind":"plain","optional":true},"authorization_flow":{"type":"string","description_kind":"plain","required":true},"basic_auth_enabled":{"type":"bool","description":"Defaults to `false`.","description_kind":"markdown","optional":true},"basic_auth_password_attribute":{"type":"string","description_kind":"plain","optional":true},"basic_auth_username_attribute":{"type":"string","description_kind":"plain","optional":true},"client_id":{"type":"string","description":"Generated.","description_kind":"markdown","computed":true},"cookie_domain":{"type":"string","description_kind":"plain","optional":true},"external_host":{"type":"string","description_kind":"plain","required":true},"id":{"type":"string","description_kind":"plain","optional":true,"computed":true},"intercept_header_auth":{"type":"bool","description":"Defaults to `true`.","description_kind":"markdown","optional":true},"internal_host":{"type":"string","description_kind":"plain","optional":true},"internal_host_ssl_validation":{"type":"bool","description":"Defaults to `true`.","description_kind":"markdown","optional":true},"invalidation_flow":{"type":"string","description_kind":"plain","required":true},"jwks_sources":{"type":["list","string"],"description":"Deprecated. Use `jwt_federation_sources` instead.","description_kind":"markdown","optional":true},"jwt_federation_providers":{"type":["list","number"],"description":"JWTs issued by any of the configured providers can be used to authenticate on behalf of this provider.","description_kind":"markdown","optional":true},"jwt_federation_sources":{"type":["list","string"],"description":"JWTs issued by keys configured in any of the selected sources can be used to authenticate on behalf of this provider.","description_kind":"markdown","optional":true},"mode":{"type":"string","description":"Allowed values:\n  - `proxy`\n  - `forward_single`\n  - `forward_domain`\n Defaults to `proxy`.","description_kind":"markdown","optional":true},"name":{"type":"string","description_kind":"plain","required":true},"property_mappings":{"type":["list","string"],"description_kind":"plain","optional":true},"refresh_token_validity":{"type":"string","description":"Defaults to `days=30`.","description_kind":"markdown","optional":true},"skip_path_regex":{"type":"string","description_kind":"plain","optional":true}},"description":"Applications --- ","description_kind":"markdown"}},"authentik_provider_rac":{"version":0,"block":{"attributes":{"authentication_flow":{"type":"string","description_kind":"plain","optional":true},"authorization_flow":{"type":"string","description_kind":"plain","required":true},"connection_expiry":{"type":"string","description":"Defaults to `seconds=0`.","description_kind":"markdown","optional":true},"id":{"type":"string","description_kind":"plain","optional":true,"computed":true},"name":{"type":"string","description_kind":"plain","required":true},"property_mappings":{"type":["list","string"],"description_kind":"plain","optional":true},"settings":{"type":"string","description":"JSON format expected. Use jsonencode() to pass objects. Defaults to `{}`.","description_kind":"markdown","optional":true}},"description":"Applications --- ","description_kind":"markdown"}},"authentik_provider_radius":{"version":0,"block":{"attributes":{"authorization_flow":{"type":"string","description_kind":"plain","required":true},"client_networks":{"type":"string","description":"Defaults to `0.0.0.0/0, ::/0`.","description_kind":"markdown","optional":true},"id":{"type":"string","description_kind":"plain","optional":true,"computed":true},"invalidation_flow":{"type":"string","description_kind":"plain","required":true},"mfa_support":{"type":"bool","description":"Defaults to `true`.","description_kind":"markdown","optional":true},"name":{"type":"string","description_kind":"plain","required":true},"property_mappings":{"type":["list","string"],"description_kind":"plain","optional":true},"shared_secret":{"type":"string","description_kind":"plain","required":true,"sensitive":true}},"description":"Applications --- ","description_kind":"markdown"}},"authentik_provider_saml":{"version":0,"block":{"attributes":{"acs_url":{"type":"string","description_kind":"plain","required":true},"assertion_valid_not_before":{"type":"string","description":"Defaults to `minutes=-5`.","description_kind":"markdown","optional":true},"assertion_valid_not_on_or_after":{"type":"string","description":"Defaults to `minutes=5`.","description_kind":"markdown","optional":true},"audience":{"type":"string","description":"Defaults to ``.","description_kind":"markdown","optional":true},"authentication_flow":{"type":"string","description_kind":"plain","optional":true},"authorization_flow":{"type":"string","description_kind":"plain","required":true},"default_relay_state":{"type":"string","description":"Defaults to ``.","description_kind":"markdown","optional":true},"digest_algorithm":{"type":"string","description":"Allowed values:\n  - `http://www.w3.org/2000/09/xmldsig#sha1`\n  - `http://www.w3.org/2001/04/xmlenc#sha256`\n  - `http://www.w3.org/2001/04/xmldsig-more#sha384`\n  - `http://www.w3.org/2001/04/xmlenc#sha512`\n Defaults to `http://www.w3.org/2001/04/xmlenc#sha256`.","description_kind":"markdown","optional":true},"encryption_kp":{"type":"string","description_kind":"plain","optional":true},"id":{"type":"string","description_kind":"plain","optional":true,"computed":true},"invalidation_flow":{"type":"string","description_kind":"plain","required":true},"issuer":{"type":"string","description":"Defaults to `authentik`.","description_kind":"markdown","optional":true},"name":{"type":"string","description_kind":"plain","required":true},"name_id_mapping":{"type":"string","description_kind":"plain","optional":true},"property_mappings":{"type":["list","string"],"description_kind":"plain","optional":true},"session_valid_not_on_or_after":{"type":"string","description":"Defaults to `minutes=86400`.","description_kind":"markdown","optional":true},"sign_assertion":{"type":"bool","description":"Defaults to `true`.","description_kind":"markdown","optional":true},"sign_response":{"type":"bool","description":"Defaults to `false`.","description_kind":"markdown","optional":true},"signature_algorithm":{"type":"string","description":"Allowed values:\n  - `http://www.w3.org/2000/09/xmldsig#rsa-sha1`\n  - `http://www.w3.org/2001/04/xmldsig-more#rsa-sha256`\n  - `http://www.w3.org/2001/04/xmldsig-more#rsa-sha384`\n  - `http://www.w3.org/2001/04/xmldsig-more#rsa-sha512`\n  - `http://www.w3.org/2001/04/xmldsig-more#ecdsa-sha1`\n  - `http://www.w3.org/2001/04/xmldsig-more#ecdsa-sha256`\n  - `http://www.w3.org/2001/04/xmldsig-more#ecdsa-sha384`\n  - `http://www.w3.org/2001/04/xmldsig-more#ecdsa-sha512`\n  - `http://www.w3.org/2000/09/xmldsig#dsa-sha1`\n Defaults to `http://www.w3.org/2001/04/xmldsig-more#rsa-sha256`.","description_kind":"markdown","optional":true},"signing_kp":{"type":"string","description_kind":"plain","optional":true},"sp_binding":{"type":"string","description":"Allowed values:\n  - `redirect`\n  - `post`\n Defaults to `redirect`.","description_kind":"markdown","optional":true},"url_slo_post":{"type":"string","description":"Generated.","description_kind":"markdown","optional":true,"computed":true},"url_slo_redirect":{"type":"string","description":"Generated.","description_kind":"markdown","optional":true,"computed":true},"url_sso_init":{"type":"string","description":"Generated.","description_kind":"markdown","optional":true,"computed":true},"url_sso_post":{"type":"string","description":"Generated.","description_kind":"markdown","optional":true,"computed":true},"url_sso_redirect":{"type":"string","description":"Generated.","description_kind":"markdown","optional":true,"computed":true},"verification_kp":{"type":"string","description_kind":"plain","optional":true}},"description":"Applications --- ","description_kind":"markdown"}},"authentik_provider_scim":{"version":0,"block":{"attributes":{"exclude_users_service_account":{"type":"bool","description_kind":"plain","optional":true},"filter_group":{"type":"string","description_kind":"plain","optional":true},"id":{"type":"string","description_kind":"plain","optional":true,"computed":true},"name":{"type":"string","description_kind":"plain","required":true},"property_mappings":{"type":["list","string"],"description_kind":"plain","optional":true},"property_mappings_group":{"type":["list","string"],"description_kind":"plain","optional":true},"token":{"type":"string","description_kind":"plain","required":true,"sensitive":true},"url":{"type":"string","description_kind":"plain","required":true}},"description":"Applications --- ","description_kind":"markdown"}},"authentik_rac_endpoint":{"version":0,"block":{"attributes":{"host":{"type":"string","description_kind":"plain","required":true},"id":{"type":"string","description_kind":"plain","optional":true,"computed":true},"maximum_connections":{"type":"number","description":"Defaults to `0`.","description_kind":"markdown","optional":true},"name":{"type":"string","description_kind":"plain","required":true},"property_mappings":{"type":["list","string"],"description_kind":"plain","optional":true},"protocol":{"type":"string","description":"Allowed values:\n  - `rdp`\n  - `vnc`\n  - `ssh`","description_kind":"markdown","required":true},"protocol_provider":{"type":"number","description_kind":"plain","required":true},"settings":{"type":"string","description":"JSON format expected. Use jsonencode() to pass objects. Defaults to `{}`.","description_kind":"markdown","optional":true}},"description":"Applications --- ","description_kind":"markdown"}},"authentik_rbac_permission_role":{"version":0,"block":{"attributes":{"id":{"type":"string","description_kind":"plain","optional":true,"computed":true},"model":{"type":"string","description":"Allowed values:\n  - `authentik_tenants.domain`\n  - `authentik_crypto.certificatekeypair`\n  - `authentik_flows.flow`\n  - `authentik_flows.flowstagebinding`\n  - `authentik_outposts.dockerserviceconnection`\n  - `authentik_outposts.kubernetesserviceconnection`\n  - `authentik_outposts.outpost`\n  - `authentik_policies_dummy.dummypolicy`\n  - `authentik_policies_event_matcher.eventmatcherpolicy`\n  - `authentik_policies_expiry.passwordexpirypolicy`\n  - `authentik_policies_expression.expressionpolicy`\n  - `authentik_policies_geoip.geoippolicy`\n  - `authentik_policies_password.passwordpolicy`\n  - `authentik_policies_reputation.reputationpolicy`\n  - `authentik_policies.policybinding`\n  - `authentik_providers_ldap.ldapprovider`\n  - `authentik_providers_oauth2.scopemapping`\n  - `authentik_providers_oauth2.oauth2provider`\n  - `authentik_providers_proxy.proxyprovider`\n  - `authentik_providers_radius.radiusprovider`\n  - `authentik_providers_radius.radiusproviderpropertymapping`\n  - `authentik_providers_saml.samlprovider`\n  - `authentik_providers_saml.samlpropertymapping`\n  - `authentik_providers_scim.scimprovider`\n  - `authentik_providers_scim.scimmapping`\n  - `authentik_rbac.role`\n  - `authentik_sources_kerberos.kerberossource`\n  - `authentik_sources_kerberos.kerberossourcepropertymapping`\n  - `authentik_sources_kerberos.userkerberossourceconnection`\n  - `authentik_sources_kerberos.groupkerberossourceconnection`\n  - `authentik_sources_ldap.ldapsource`\n  - `authentik_sources_ldap.ldapsourcepropertymapping`\n  - `authentik_sources_oauth.oauthsource`\n  - `authentik_sources_oauth.oauthsourcepropertymapping`\n  - `authentik_sources_oauth.useroauthsourceconnection`\n  - `authentik_sources_oauth.groupoauthsourceconnection`\n  - `authentik_sources_plex.plexsource`\n  - `authentik_sources_plex.plexsourcepropertymapping`\n  - `authentik_sources_plex.userplexsourceconnection`\n  - `authentik_sources_plex.groupplexsourceconnection`\n  - `authentik_sources_saml.samlsource`\n  - `authentik_sources_saml.samlsourcepropertymapping`\n  - `authentik_sources_saml.usersamlsourceconnection`\n  - `authentik_sources_saml.groupsamlsourceconnection`\n  - `authentik_sources_scim.scimsource`\n  - `authentik_sources_scim.scimsourcepropertymapping`\n  - `authentik_stages_authenticator_duo.authenticatorduostage`\n  - `authentik_stages_authenticator_duo.duodevice`\n  - `authentik_stages_authenticator_sms.authenticatorsmsstage`\n  - `authentik_stages_authenticator_sms.smsdevice`\n  - `authentik_stages_authenticator_static.authenticatorstaticstage`\n  - `authentik_stages_authenticator_static.staticdevice`\n  - `authentik_stages_authenticator_totp.authenticatortotpstage`\n  - `authentik_stages_authenticator_totp.totpdevice`\n  - `authentik_stages_authenticator_validate.authenticatorvalidatestage`\n  - `authentik_stages_authenticator_webauthn.authenticatorwebauthnstage`\n  - `authentik_stages_authenticator_webauthn.webauthndevice`\n  - `authentik_stages_captcha.captchastage`\n  - `authentik_stages_consent.consentstage`\n  - `authentik_stages_consent.userconsent`\n  - `authentik_stages_deny.denystage`\n  - `authentik_stages_dummy.dummystage`\n  - `authentik_stages_email.emailstage`\n  - `authentik_stages_identification.identificationstage`\n  - `authentik_stages_invitation.invitationstage`\n  - `authentik_stages_invitation.invitation`\n  - `authentik_stages_password.passwordstage`\n  - `authentik_stages_prompt.prompt`\n  - `authentik_stages_prompt.promptstage`\n  - `authentik_stages_redirect.redirectstage`\n  - `authentik_stages_user_delete.userdeletestage`\n  - `authentik_stages_user_login.userloginstage`\n  - `authentik_stages_user_logout.userlogoutstage`\n  - `authentik_stages_user_write.userwritestage`\n  - `authentik_brands.brand`\n  - `authentik_blueprints.blueprintinstance`\n  - `authentik_core.group`\n  - `authentik_core.user`\n  - `authentik_core.application`\n  - `authentik_core.applicationentitlement`\n  - `authentik_core.token`\n  - `authentik_enterprise.license`\n  - `authentik_providers_google_workspace.googleworkspaceprovider`\n  - `authentik_providers_google_workspace.googleworkspaceprovidermapping`\n  - `authentik_providers_microsoft_entra.microsoftentraprovider`\n  - `authentik_providers_microsoft_entra.microsoftentraprovidermapping`\n  - `authentik_providers_rac.racprovider`\n  - `authentik_providers_rac.endpoint`\n  - `authentik_providers_rac.racpropertymapping`\n  - `authentik_stages_authenticator_endpoint_gdtc.authenticatorendpointgdtcstage`\n  - `authentik_stages_source.sourcestage`\n  - `authentik_events.event`\n  - `authentik_events.notificationtransport`\n  - `authentik_events.notification`\n  - `authentik_events.notificationrule`\n  - `authentik_events.notificationwebhookmapping`","description_kind":"markdown","optional":true},"object_id":{"type":"string","description_kind":"plain","optional":true},"permission":{"type":"string","description_kind":"plain","required":true},"role":{"type":"string","description_kind":"plain","required":true}},"description":"RBAC --- ","description_kind":"markdown"}},"authentik_rbac_permission_user":{"version":0,"block":{"attributes":{"id":{"type":"string","description_kind":"plain","optional":true,"computed":true},"model":{"type":"string","description":"Allowed values:\n  - `authentik_tenants.domain`\n  - `authentik_crypto.certificatekeypair`\n  - `authentik_flows.flow`\n  - `authentik_flows.flowstagebinding`\n  - `authentik_outposts.dockerserviceconnection`\n  - `authentik_outposts.kubernetesserviceconnection`\n  - `authentik_outposts.outpost`\n  - `authentik_policies_dummy.dummypolicy`\n  - `authentik_policies_event_matcher.eventmatcherpolicy`\n  - `authentik_policies_expiry.passwordexpirypolicy`\n  - `authentik_policies_expression.expressionpolicy`\n  - `authentik_policies_geoip.geoippolicy`\n  - `authentik_policies_password.passwordpolicy`\n  - `authentik_policies_reputation.reputationpolicy`\n  - `authentik_policies.policybinding`\n  - `authentik_providers_ldap.ldapprovider`\n  - `authentik_providers_oauth2.scopemapping`\n  - `authentik_providers_oauth2.oauth2provider`\n  - `authentik_providers_proxy.proxyprovider`\n  - `authentik_providers_radius.radiusprovider`\n  - `authentik_providers_radius.radiusproviderpropertymapping`\n  - `authentik_providers_saml.samlprovider`\n  - `authentik_providers_saml.samlpropertymapping`\n  - `authentik_providers_scim.scimprovider`\n  - `authentik_providers_scim.scimmapping`\n  - `authentik_rbac.role`\n  - `authentik_sources_kerberos.kerberossource`\n  - `authentik_sources_kerberos.kerberossourcepropertymapping`\n  - `authentik_sources_kerberos.userkerberossourceconnection`\n  - `authentik_sources_kerberos.groupkerberossourceconnection`\n  - `authentik_sources_ldap.ldapsource`\n  - `authentik_sources_ldap.ldapsourcepropertymapping`\n  - `authentik_sources_oauth.oauthsource`\n  - `authentik_sources_oauth.oauthsourcepropertymapping`\n  - `authentik_sources_oauth.useroauthsourceconnection`\n  - `authentik_sources_oauth.groupoauthsourceconnection`\n  - `authentik_sources_plex.plexsource`\n  - `authentik_sources_plex.plexsourcepropertymapping`\n  - `authentik_sources_plex.userplexsourceconnection`\n  - `authentik_sources_plex.groupplexsourceconnection`\n  - `authentik_sources_saml.samlsource`\n  - `authentik_sources_saml.samlsourcepropertymapping`\n  - `authentik_sources_saml.usersamlsourceconnection`\n  - `authentik_sources_saml.groupsamlsourceconnection`\n  - `authentik_sources_scim.scimsource`\n  - `authentik_sources_scim.scimsourcepropertymapping`\n  - `authentik_stages_authenticator_duo.authenticatorduostage`\n  - `authentik_stages_authenticator_duo.duodevice`\n  - `authentik_stages_authenticator_sms.authenticatorsmsstage`\n  - `authentik_stages_authenticator_sms.smsdevice`\n  - `authentik_stages_authenticator_static.authenticatorstaticstage`\n  - `authentik_stages_authenticator_static.staticdevice`\n  - `authentik_stages_authenticator_totp.authenticatortotpstage`\n  - `authentik_stages_authenticator_totp.totpdevice`\n  - `authentik_stages_authenticator_validate.authenticatorvalidatestage`\n  - `authentik_stages_authenticator_webauthn.authenticatorwebauthnstage`\n  - `authentik_stages_authenticator_webauthn.webauthndevice`\n  - `authentik_stages_captcha.captchastage`\n  - `authentik_stages_consent.consentstage`\n  - `authentik_stages_consent.userconsent`\n  - `authentik_stages_deny.denystage`\n  - `authentik_stages_dummy.dummystage`\n  - `authentik_stages_email.emailstage`\n  - `authentik_stages_identification.identificationstage`\n  - `authentik_stages_invitation.invitationstage`\n  - `authentik_stages_invitation.invitation`\n  - `authentik_stages_password.passwordstage`\n  - `authentik_stages_prompt.prompt`\n  - `authentik_stages_prompt.promptstage`\n  - `authentik_stages_redirect.redirectstage`\n  - `authentik_stages_user_delete.userdeletestage`\n  - `authentik_stages_user_login.userloginstage`\n  - `authentik_stages_user_logout.userlogoutstage`\n  - `authentik_stages_user_write.userwritestage`\n  - `authentik_brands.brand`\n  - `authentik_blueprints.blueprintinstance`\n  - `authentik_core.group`\n  - `authentik_core.user`\n  - `authentik_core.application`\n  - `authentik_core.applicationentitlement`\n  - `authentik_core.token`\n  - `authentik_enterprise.license`\n  - `authentik_providers_google_workspace.googleworkspaceprovider`\n  - `authentik_providers_google_workspace.googleworkspaceprovidermapping`\n  - `authentik_providers_microsoft_entra.microsoftentraprovider`\n  - `authentik_providers_microsoft_entra.microsoftentraprovidermapping`\n  - `authentik_providers_rac.racprovider`\n  - `authentik_providers_rac.endpoint`\n  - `authentik_providers_rac.racpropertymapping`\n  - `authentik_stages_authenticator_endpoint_gdtc.authenticatorendpointgdtcstage`\n  - `authentik_stages_source.sourcestage`\n  - `authentik_events.event`\n  - `authentik_events.notificationtransport`\n  - `authentik_events.notification`\n  - `authentik_events.notificationrule`\n  - `authentik_events.notificationwebhookmapping`","description_kind":"markdown","optional":true},"object_id":{"type":"string","description_kind":"plain","optional":true},"permission":{"type":"string","description_kind":"plain","required":true},"user":{"type":"number","description_kind":"plain","required":true}},"description":"RBAC --- ","description_kind":"markdown"}},"authentik_rbac_role":{"version":0,"block":{"attributes":{"id":{"type":"string","description_kind":"plain","optional":true,"computed":true},"name":{"type":"string","description_kind":"plain","required":true}},"description":"RBAC --- ","description_kind":"markdown"}},"authentik_scope_mapping":{"version":0,"block":{"attributes":{"description":{"type":"string","description_kind":"plain","optional":true},"expression":{"type":"string","description_kind":"plain","required":true},"id":{"type":"string","description_kind":"plain","optional":true,"computed":true},"name":{"type":"string","description_kind":"plain","required":true},"scope_name":{"type":"string","description_kind":"plain","required":true}},"description":"Customization --- Manage Scope Provider Property mappings\n\n~\u003e This resource is deprecated. Migrate to `authentik_property_mapping_provider_scope`.","description_kind":"markdown","deprecated":true}},"authentik_service_connection_docker":{"version":0,"block":{"attributes":{"id":{"type":"string","description_kind":"plain","optional":true,"computed":true},"local":{"type":"bool","description":"Defaults to `false`.","description_kind":"markdown","optional":true},"name":{"type":"string","description_kind":"plain","required":true},"tls_authentication":{"type":"string","description_kind":"plain","optional":true},"tls_verification":{"type":"string","description_kind":"plain","optional":true},"url":{"type":"string","description":"Defaults to `http+unix:///var/run/docker.sock`.","description_kind":"markdown","optional":true}},"description":"Applications --- ","description_kind":"markdown"}},"authentik_service_connection_kubernetes":{"version":0,"block":{"attributes":{"id":{"type":"string","description_kind":"plain","optional":true,"computed":true},"kubeconfig":{"type":"string","description":"JSON format expected. Use jsonencode() to pass objects. Defaults to `{}`.","description_kind":"markdown","optional":true,"sensitive":true},"local":{"type":"bool","description":"Defaults to `false`.","description_kind":"markdown","optional":true},"name":{"type":"string","description_kind":"plain","required":true},"verify_ssl":{"type":"bool","description":"Defaults to `true`.","description_kind":"markdown","optional":true}},"description":"Applications --- ","description_kind":"markdown"}},"authentik_source_kerberos":{"version":0,"block":{"attributes":{"authentication_flow":{"type":"string","description_kind":"plain","optional":true},"enabled":{"type":"bool","description":"Defaults to `true`.","description_kind":"markdown","optional":true},"enrollment_flow":{"type":"string","description_kind":"plain","optional":true},"group_matching_mode":{"type":"string","description":"Allowed values:\n  - `identifier`\n  - `name_link`\n  - `name_deny`\n Defaults to `identifier`.","description_kind":"markdown","optional":true},"id":{"type":"string","description_kind":"plain","optional":true,"computed":true},"krb5_conf":{"type":"string","description":"Custom krb5.conf to use. Uses the system one by default","description_kind":"markdown","optional":true},"name":{"type":"string","description_kind":"plain","required":true},"password_login_update_internal_password":{"type":"bool","description":"If enabled, the authentik-stored password will be updated upon login with the Kerberos password backend Defaults to `false`.","description_kind":"markdown","optional":true},"policy_engine_mode":{"type":"string","description":"Allowed values:\n  - `all`\n  - `any`\n Defaults to `any`.","description_kind":"markdown","optional":true},"realm":{"type":"string","description":"Kerberos realm","description_kind":"markdown","required":true},"slug":{"type":"string","description_kind":"plain","required":true},"spnego_ccache":{"type":"string","description":"Credential cache to use for SPNEGO in form type:residual","description_kind":"markdown","optional":true},"spnego_keytab":{"type":"string","description":"SPNEGO keytab base64-encoded or path to keytab in the form FILE:path","description_kind":"markdown","optional":true,"sensitive":true},"spnego_server_name":{"type":"string","description":"Force the use of a specific server name for SPNEGO","description_kind":"markdown","optional":true},"sync_ccache":{"type":"string","description":"Credentials cache to authenticate to kadmin for sync. Must be in the form TYPE:residual","description_kind":"markdown","optional":true},"sync_keytab":{"type":"string","description":"Keytab to authenticate to kadmin for sync. Must be base64-encoded or in the form TYPE:residual","description_kind":"markdown","optional":true,"sensitive":true},"sync_password":{"type":"string","description":"Password to authenticate to kadmin for sync","description_kind":"markdown","optional":true,"sensitive":true},"sync_principal":{"type":"string","description":"Principal to authenticate to kadmin for sync.","description_kind":"markdown","optional":true},"sync_users":{"type":"bool","description":"Sync users from Kerberos into authentik Defaults to `true`.","description_kind":"markdown","optional":true},"sync_users_password":{"type":"bool","description":"When a user changes their password, sync it back to Kerberos Defaults to `true`.","description_kind":"markdown","optional":true},"user_matching_mode":{"type":"string","description":"Allowed values:\n  - `identifier`\n  - `email_link`\n  - `email_deny`\n  - `username_link`\n  - `username_deny`\n Defaults to `identifier`.","description_kind":"markdown","optional":true},"user_path_template":{"type":"string","description":"Defaults to `goauthentik.io/sources/%(slug)s`.","description_kind":"markdown","optional":true},"uuid":{"type":"string","description":"Generated.","description_kind":"markdown","optional":true,"computed":true}},"description":"Directory --- ","description_kind":"markdown"}},"authentik_source_ldap":{"version":0,"block":{"attributes":{"additional_group_dn":{"type":"string","description":"Defaults to ``.","description_kind":"markdown","optional":true},"additional_user_dn":{"type":"string","description":"Defaults to ``.","description_kind":"markdown","optional":true},"base_dn":{"type":"string","description_kind":"plain","required":true},"bind_cn":{"type":"string","description_kind":"plain","required":true},"bind_password":{"type":"string","description_kind":"plain","required":true,"sensitive":true},"enabled":{"type":"bool","description":"Defaults to `true`.","description_kind":"markdown","optional":true},"group_membership_field":{"type":"string","description":"Defaults to `member`.","description_kind":"markdown","optional":true},"group_object_filter":{"type":"string","description":"Defaults to `(objectClass=group)`.","description_kind":"markdown","optional":true},"id":{"type":"string","description_kind":"plain","optional":true,"computed":true},"name":{"type":"string","description_kind":"plain","required":true},"object_uniqueness_field":{"type":"string","description":"Defaults to `objectSid`.","description_kind":"markdown","optional":true},"password_login_update_internal_password":{"type":"bool","description":"Defaults to `false`.","description_kind":"markdown","optional":true},"property_mappings":{"type":["list","string"],"description_kind":"plain","optional":true},"property_mappings_group":{"type":["list","string"],"description_kind":"plain","optional":true},"server_uri":{"type":"string","description_kind":"plain","required":true},"slug":{"type":"string","description_kind":"plain","required":true},"sni":{"type":"bool","description":"Defaults to `false`.","description_kind":"markdown","optional":true},"start_tls":{"type":"bool","description":"Defaults to `true`.","description_kind":"markdown","optional":true},"sync_groups":{"type":"bool","description":"Defaults to `true`.","description_kind":"markdown","optional":true},"sync_parent_group":{"type":"string","description_kind":"plain","optional":true},"sync_users":{"type":"bool","description":"Defaults to `true`.","description_kind":"markdown","optional":true},"sync_users_password":{"type":"bool","description":"Defaults to `true`.","description_kind":"markdown","optional":true},"user_object_filter":{"type":"string","description":"Defaults to `(objectClass=person)`.","description_kind":"markdown","optional":true},"user_path_template":{"type":"string","description":"Defaults to `goauthentik.io/sources/%(slug)s`.","description_kind":"markdown","optional":true},"uuid":{"type":"string","description":"Generated.","description_kind":"markdown","optional":true,"computed":true}},"description":"Directory --- ","description_kind":"markdown"}},"authentik_source_oauth":{"version":0,"block":{"attributes":{"access_token_url":{"type":"string","description":"Only required for OAuth1.","description_kind":"markdown","optional":true},"additional_scopes":{"type":"string","description_kind":"plain","optional":true},"authentication_flow":{"type":"string","description_kind":"plain","optional":true},"authorization_url":{"type":"string","description":"Manually configure OAuth2 URLs when `oidc_well_known_url` is not set.","description_kind":"markdown","optional":true},"callback_uri":{"type":"string","description":"Generated.","description_kind":"markdown","computed":true},"consumer_key":{"type":"string","description_kind":"plain","required":true},"consumer_secret":{"type":"string","description_kind":"plain","required":true,"sensitive":true},"enabled":{"type":"bool","description":"Defaults to `true`.","description_kind":"markdown","optional":true},"enrollment_flow":{"type":"string","description_kind":"plain","optional":true},"group_matching_mode":{"type":"string","description":"Allowed values:\n  - `identifier`\n  - `name_link`\n  - `name_deny`\n Defaults to `identifier`.","description_kind":"markdown","optional":true},"id":{"type":"string","description_kind":"plain","optional":true,"computed":true},"name":{"type":"string","description_kind":"plain","required":true},"oidc_jwks":{"type":"string","description":"Manually configure JWKS keys for use with machine-to-machine authentication. JSON format expected. Use jsonencode() to pass objects. Generated.","description_kind":"markdown","optional":true,"computed":true},"oidc_jwks_url":{"type":"string","description":"Automatically configure JWKS if not specified by `oidc_well_known_url`.","description_kind":"markdown","optional":true},"oidc_well_known_url":{"type":"string","description":"Automatically configure source from OIDC well-known endpoint. URL is taken as is, and should end with `.well-known/openid-configuration`.","description_kind":"markdown","optional":true},"policy_engine_mode":{"type":"string","description":"Allowed values:\n  - `all`\n  - `any`\n Defaults to `any`.","description_kind":"markdown","optional":true},"profile_url":{"type":"string","description":"Manually configure OAuth2 URLs when `oidc_well_known_url` is not set.","description_kind":"markdown","optional":true},"provider_type":{"type":"string","description":"Allowed values:\n  - `apple`\n  - `openidconnect`\n  - `azuread`\n  - `discord`\n  - `facebook`\n  - `github`\n  - `gitlab`\n  - `google`\n  - `mailcow`\n  - `okta`\n  - `patreon`\n  - `reddit`\n  - `twitch`\n  - `twitter`","description_kind":"markdown","required":true},"request_token_url":{"type":"string","description":"Manually configure OAuth2 URLs when `oidc_well_known_url` is not set.","description_kind":"markdown","optional":true},"slug":{"type":"string","description_kind":"plain","required":true},"user_matching_mode":{"type":"string","description":"Allowed values:\n  - `identifier`\n  - `email_link`\n  - `email_deny`\n  - `username_link`\n  - `username_deny`\n Defaults to `identifier`.","description_kind":"markdown","optional":true},"user_path_template":{"type":"string","description":"Defaults to `goauthentik.io/sources/%(slug)s`.","description_kind":"markdown","optional":true},"uuid":{"type":"string","description":"Generated.","description_kind":"markdown","optional":true,"computed":true}},"description":"Directory --- ","description_kind":"markdown"}},"authentik_source_plex":{"version":0,"block":{"attributes":{"allow_friends":{"type":"bool","description":"Defaults to `true`.","description_kind":"markdown","optional":true},"allowed_servers":{"type":["list","string"],"description_kind":"plain","optional":true},"authentication_flow":{"type":"string","description_kind":"plain","optional":true},"client_id":{"type":"string","description_kind":"plain","required":true},"enabled":{"type":"bool","description":"Defaults to `true`.","description_kind":"markdown","optional":true},"enrollment_flow":{"type":"string","description_kind":"plain","optional":true},"group_matching_mode":{"type":"string","description":"Allowed values:\n  - `identifier`\n  - `name_link`\n  - `name_deny`\n Defaults to `identifier`.","description_kind":"markdown","optional":true},"id":{"type":"string","description_kind":"plain","optional":true,"computed":true},"name":{"type":"string","description_kind":"plain","required":true},"plex_token":{"type":"string","description_kind":"plain","required":true,"sensitive":true},"policy_engine_mode":{"type":"string","description":"Allowed values:\n  - `all`\n  - `any`\n Defaults to `any`.","description_kind":"markdown","optional":true},"slug":{"type":"string","description_kind":"plain","required":true},"user_matching_mode":{"type":"string","description":"Allowed values:\n  - `identifier`\n  - `email_link`\n  - `email_deny`\n  - `username_link`\n  - `username_deny`\n Defaults to `identifier`.","description_kind":"markdown","optional":true},"user_path_template":{"type":"string","description":"Defaults to `goauthentik.io/sources/%(slug)s`.","description_kind":"markdown","optional":true},"uuid":{"type":"string","description":"Generated.","description_kind":"markdown","optional":true,"computed":true}},"description":"Directory --- ","description_kind":"markdown"}},"authentik_source_saml":{"version":0,"block":{"attributes":{"allow_idp_initiated":{"type":"bool","description":"Defaults to `false`.","description_kind":"markdown","optional":true},"authentication_flow":{"type":"string","description_kind":"plain","optional":true},"binding_type":{"type":"string","description":"Allowed values:\n  - `REDIRECT`\n  - `POST`\n  - `POST_AUTO`\n Defaults to `REDIRECT`.","description_kind":"markdown","optional":true},"digest_algorithm":{"type":"string","description":"Allowed values:\n  - `http://www.w3.org/2000/09/xmldsig#sha1`\n  - `http://www.w3.org/2001/04/xmlenc#sha256`\n  - `http://www.w3.org/2001/04/xmldsig-more#sha384`\n  - `http://www.w3.org/2001/04/xmlenc#sha512`\n Defaults to `http://www.w3.org/2001/04/xmlenc#sha256`.","description_kind":"markdown","optional":true},"enabled":{"type":"bool","description":"Defaults to `true`.","description_kind":"markdown","optional":true},"encryption_kp":{"type":"string","description_kind":"plain","optional":true},"enrollment_flow":{"type":"string","description_kind":"plain","optional":true},"group_matching_mode":{"type":"string","description":"Allowed values:\n  - `identifier`\n  - `name_link`\n  - `name_deny`\n Defaults to `identifier`.","description_kind":"markdown","optional":true},"id":{"type":"string","description_kind":"plain","optional":true,"computed":true},"issuer":{"type":"string","description_kind":"plain","optional":true},"metadata":{"type":"string","description":"SAML Metadata Generated.","description_kind":"markdown","computed":true},"name":{"type":"string","description_kind":"plain","required":true},"name_id_policy":{"type":"string","description":"Allowed values:\n  - `urn:oasis:names:tc:SAML:1.1:nameid-format:emailAddress`\n  - `urn:oasis:names:tc:SAML:2.0:nameid-format:persistent`\n  - `urn:oasis:names:tc:SAML:1.1:nameid-format:X509SubjectName`\n  - `urn:oasis:names:tc:SAML:2.0:nameid-format:WindowsDomainQualifiedName`\n  - `urn:oasis:names:tc:SAML:2.0:nameid-format:transient`\n Defaults to `urn:oasis:names:tc:SAML:2.0:nameid-format:persistent`.","description_kind":"markdown","optional":true},"policy_engine_mode":{"type":"string","description":"Allowed values:\n  - `all`\n  - `any`\n Defaults to `any`.","description_kind":"markdown","optional":true},"pre_authentication_flow":{"type":"string","description_kind":"plain","required":true},"signature_algorithm":{"type":"string","description":"Allowed values:\n  - `http://www.w3.org/2000/09/xmldsig#rsa-sha1`\n  - `http://www.w3.org/2001/04/xmldsig-more#rsa-sha256`\n  - `http://www.w3.org/2001/04/xmldsig-more#rsa-sha384`\n  - `http://www.w3.org/2001/04/xmldsig-more#rsa-sha512`\n  - `http://www.w3.org/2001/04/xmldsig-more#ecdsa-sha1`\n  - `http://www.w3.org/2001/04/xmldsig-more#ecdsa-sha256`\n  - `http://www.w3.org/2001/04/xmldsig-more#ecdsa-sha384`\n  - `http://www.w3.org/2001/04/xmldsig-more#ecdsa-sha512`\n  - `http://www.w3.org/2000/09/xmldsig#dsa-sha1`\n Defaults to `http://www.w3.org/2001/04/xmldsig-more#rsa-sha256`.","description_kind":"markdown","optional":true},"signing_kp":{"type":"string","description_kind":"plain","optional":true},"slo_url":{"type":"string","description_kind":"plain","optional":true},"slug":{"type":"string","description_kind":"plain","required":true},"sso_url":{"type":"string","description_kind":"plain","required":true},"temporary_user_delete_after":{"type":"string","description":"Defaults to `days=1`.","description_kind":"markdown","optional":true},"user_matching_mode":{"type":"string","description":"Allowed values:\n  - `identifier`\n  - `email_link`\n  - `email_deny`\n  - `username_link`\n  - `username_deny`\n Defaults to `identifier`.","description_kind":"markdown","optional":true},"user_path_template":{"type":"string","description":"Defaults to `goauthentik.io/sources/%(slug)s`.","description_kind":"markdown","optional":true},"uuid":{"type":"string","description":"Generated.","description_kind":"markdown","optional":true,"computed":true}},"description":"Directory --- ","description_kind":"markdown"}},"authentik_stage_authenticator_duo":{"version":0,"block":{"attributes":{"admin_integration_key":{"type":"string","description_kind":"plain","optional":true},"admin_secret_key":{"type":"string","description_kind":"plain","optional":true,"sensitive":true},"api_hostname":{"type":"string","description_kind":"plain","required":true},"client_id":{"type":"string","description_kind":"plain","required":true},"client_secret":{"type":"string","description_kind":"plain","required":true,"sensitive":true},"configure_flow":{"type":"string","description_kind":"plain","optional":true},"friendly_name":{"type":"string","description_kind":"plain","optional":true},"id":{"type":"string","description_kind":"plain","optional":true,"computed":true},"name":{"type":"string","description_kind":"plain","required":true}},"description":"Flows \u0026 Stages --- ","description_kind":"markdown"}},"authentik_stage_authenticator_endpoint_gdtc":{"version":0,"block":{"attributes":{"configure_flow":{"type":"string","description_kind":"plain","optional":true},"credentials":{"type":"string","description_kind":"plain","required":true,"sensitive":true},"friendly_name":{"type":"string","description_kind":"plain","optional":true},"id":{"type":"string","description_kind":"plain","optional":true,"computed":true},"name":{"type":"string","description_kind":"plain","required":true}},"description":"Flows \u0026 Stages --- ","description_kind":"markdown"}},"authentik_stage_authenticator_sms":{"version":0,"block":{"attributes":{"account_sid":{"type":"string","description_kind":"plain","required":true,"sensitive":true},"auth":{"type":"string","description_kind":"plain","required":true,"sensitive":true},"auth_password":{"type":"string","description_kind":"plain","optional":true,"sensitive":true},"auth_type":{"type":"string","description":"Allowed values:\n  - `basic`\n  - `bearer`\n Defaults to `basic`.","description_kind":"markdown","optional":true},"configure_flow":{"type":"string","description_kind":"plain","optional":true},"friendly_name":{"type":"string","description_kind":"plain","optional":true},"from_number":{"type":"string","description_kind":"plain","required":true},"id":{"type":"string","description_kind":"plain","optional":true,"computed":true},"mapping":{"type":"string","description_kind":"plain","optional":true},"name":{"type":"string","description_kind":"plain","required":true},"sms_provider":{"type":"string","description":"Allowed values:\n  - `twilio`\n  - `generic`\n Defaults to `twilio`.","description_kind":"markdown","optional":true},"verify_only":{"type":"bool","description":"Defaults to `false`.","description_kind":"markdown","optional":true}},"description":"Flows \u0026 Stages --- ","description_kind":"markdown"}},"authentik_stage_authenticator_static":{"version":0,"block":{"attributes":{"configure_flow":{"type":"string","description_kind":"plain","optional":true},"friendly_name":{"type":"string","description_kind":"plain","optional":true},"id":{"type":"string","description_kind":"plain","optional":true,"computed":true},"name":{"type":"string","description_kind":"plain","required":true},"token_count":{"type":"number","description":"Defaults to `6`.","description_kind":"markdown","optional":true},"token_length":{"type":"number","description":"Defaults to `12`.","description_kind":"markdown","optional":true}},"description":"Flows \u0026 Stages --- ","description_kind":"markdown"}},"authentik_stage_authenticator_totp":{"version":0,"block":{"attributes":{"configure_flow":{"type":"string","description_kind":"plain","optional":true},"digits":{"type":"string","description":"Allowed values:\n  - `6`\n  - `8`\n Defaults to `6`.","description_kind":"markdown","optional":true},"friendly_name":{"type":"string","description_kind":"plain","optional":true},"id":{"type":"string","description_kind":"plain","optional":true,"computed":true},"name":{"type":"string","description_kind":"plain","required":true}},"description":"Flows \u0026 Stages --- ","description_kind":"markdown"}},"authentik_stage_authenticator_validate":{"version":0,"block":{"attributes":{"configuration_stages":{"type":["list","string"],"description_kind":"plain","optional":true},"device_classes":{"type":["list","string"],"description_kind":"plain","optional":true},"id":{"type":"string","description_kind":"plain","optional":true,"computed":true},"last_auth_threshold":{"type":"string","description":"Defaults to `seconds=0`.","description_kind":"markdown","optional":true},"name":{"type":"string","description_kind":"plain","required":true},"not_configured_action":{"type":"string","description":"Allowed values:\n  - `skip`\n  - `deny`\n  - `configure`","description_kind":"markdown","required":true},"webauthn_allowed_device_types":{"type":["list","string"],"description_kind":"plain","optional":true},"webauthn_user_verification":{"type":"string","description":"Allowed values:\n  - `required`\n  - `preferred`\n  - `discouraged`\n Defaults to `preferred`.","description_kind":"markdown","optional":true}},"description":"Flows \u0026 Stages --- ","description_kind":"markdown"}},"authentik_stage_authenticator_webauthn":{"version":0,"block":{"attributes":{"authenticator_attachment":{"type":"string","description":"Allowed values:\n  - `platform`\n  - `cross-platform`","description_kind":"markdown","optional":true},"configure_flow":{"type":"string","description_kind":"plain","optional":true},"device_type_restrictions":{"type":["list","string"],"description_kind":"plain","optional":true},"friendly_name":{"type":"string","description_kind":"plain","optional":true},"id":{"type":"string","description_kind":"plain","optional":true,"computed":true},"name":{"type":"string","description_kind":"plain","required":true},"resident_key_requirement":{"type":"string","description":"Allowed values:\n  - `discouraged`\n  - `preferred`\n  - `required`\n Defaults to `preferred`.","description_kind":"markdown","optional":true},"user_verification":{"type":"string","description":"Allowed values:\n  - `required`\n  - `preferred`\n  - `discouraged`\n Defaults to `preferred`.","description_kind":"markdown","optional":true}},"description":"Flows \u0026 Stages --- ","description_kind":"markdown"}},"authentik_stage_captcha":{"version":0,"block":{"attributes":{"api_url":{"type":"string","description":"Defaults to `https://www.recaptcha.net/recaptcha/api/siteverify`.","description_kind":"markdown","optional":true},"error_on_invalid_score":{"type":"bool","description":"Defaults to `true`.","description_kind":"markdown","optional":true},"id":{"type":"string","description_kind":"plain","optional":true,"computed":true},"interactive":{"type":"bool","description":"Defaults to `false`.","description_kind":"markdown","optional":true},"js_url":{"type":"string","description":"Defaults to `https://www.recaptcha.net/recaptcha/api.js`.","description_kind":"markdown","optional":true},"name":{"type":"string","description_kind":"plain","required":true},"private_key":{"type":"string","description_kind":"plain","required":true,"sensitive":true},"public_key":{"type":"string","description_kind":"plain","required":true},"score_max_threshold":{"type":"number","description":"Defaults to `0.5`.","description_kind":"markdown","optional":true},"score_min_threshold":{"type":"number","description":"Defaults to `1`.","description_kind":"markdown","optional":true}},"description":"Flows \u0026 Stages --- ","description_kind":"markdown"}},"authentik_stage_consent":{"version":0,"block":{"attributes":{"consent_expire_in":{"type":"string","description":"Defaults to `weeks=4`.","description_kind":"markdown","optional":true},"id":{"type":"string","description_kind":"plain","optional":true,"computed":true},"mode":{"type":"string","description":"Allowed values:\n  - `always_require`\n  - `permanent`\n  - `expiring`\n Defaults to `always_require`.","description_kind":"markdown","optional":true},"name":{"type":"string","description_kind":"plain","required":true}},"description":"Flows \u0026 Stages --- ","description_kind":"markdown"}},"authentik_stage_deny":{"version":0,"block":{"attributes":{"deny_message":{"type":"string","description_kind":"plain","optional":true},"id":{"type":"string","description_kind":"plain","optional":true,"computed":true},"name":{"type":"string","description_kind":"plain","required":true}},"description":"Flows \u0026 Stages --- ","description_kind":"markdown"}},"authentik_stage_dummy":{"version":0,"block":{"attributes":{"id":{"type":"string","description_kind":"plain","optional":true,"computed":true},"name":{"type":"string","description_kind":"plain","required":true}},"description":"Flows \u0026 Stages --- ","description_kind":"markdown"}},"authentik_stage_email":{"version":0,"block":{"attributes":{"activate_user_on_success":{"type":"bool","description":"Defaults to `false`.","description_kind":"markdown","optional":true},"from_address":{"type":"string","description":"Defaults to `system@authentik.local`.","description_kind":"markdown","optional":true},"host":{"type":"string","description":"Defaults to `localhost`.","description_kind":"markdown","optional":true},"id":{"type":"string","description_kind":"plain","optional":true,"computed":true},"name":{"type":"string","description_kind":"plain","required":true},"password":{"type":"string","description_kind":"plain","optional":true,"sensitive":true},"port":{"type":"number","description":"Defaults to `25`.","description_kind":"markdown","optional":true},"subject":{"type":"string","description":"Defaults to `authentik`.","description_kind":"markdown","optional":true},"template":{"type":"string","description":"Defaults to `email/password_reset.html`.","description_kind":"markdown","optional":true},"timeout":{"type":"number","description":"Defaults to `30`.","description_kind":"markdown","optional":true},"token_expiry":{"type":"number","description":"Defaults to `30`.","description_kind":"markdown","optional":true},"use_global_settings":{"type":"bool","description":"Defaults to `true`.","description_kind":"markdown","optional":true},"use_ssl":{"type":"bool","description_kind":"plain","optional":true},"use_tls":{"type":"bool","description_kind":"plain","optional":true},"username":{"type":"string","description_kind":"plain","optional":true}},"description":"Flows \u0026 Stages --- ","description_kind":"markdown"}},"authentik_stage_identification":{"version":0,"block":{"attributes":{"captcha_stage":{"type":"string","description_kind":"plain","optional":true},"case_insensitive_matching":{"type":"bool","description_kind":"plain","optional":true},"enrollment_flow":{"type":"string","description_kind":"plain","optional":true},"id":{"type":"string","description_kind":"plain","optional":true,"computed":true},"name":{"type":"string","description_kind":"plain","required":true},"password_stage":{"type":"string","description_kind":"plain","optional":true},"passwordless_flow":{"type":"string","description_kind":"plain","optional":true},"pretend_user_exists":{"type":"bool","description":"Defaults to `true`.","description_kind":"markdown","optional":true},"recovery_flow":{"type":"string","description_kind":"plain","optional":true},"show_matched_user":{"type":"bool","description":"Defaults to `true`.","description_kind":"markdown","optional":true},"show_source_labels":{"type":"bool","description":"Defaults to `false`.","description_kind":"markdown","optional":true},"sources":{"type":["list","string"],"description_kind":"plain","optional":true},"user_fields":{"type":["list","string"],"description_kind":"plain","optional":true}},"description":"Flows \u0026 Stages --- ","description_kind":"markdown"}},"authentik_stage_invitation":{"version":0,"block":{"attributes":{"continue_flow_without_invitation":{"type":"bool","description":"Defaults to `false`.","description_kind":"markdown","optional":true},"id":{"type":"string","description_kind":"plain","optional":true,"computed":true},"name":{"type":"string","description_kind":"plain","required":true}},"description":"Flows \u0026 Stages --- ","description_kind":"markdown"}},"authentik_stage_password":{"version":0,"block":{"attributes":{"allow_show_password":{"type":"bool","description":"Defaults to `false`.","description_kind":"markdown","optional":true},"backends":{"type":["list","string"],"description_kind":"plain","required":true},"configure_flow":{"type":"string","description_kind":"plain","optional":true},"failed_attempts_before_cancel":{"type":"number","description":"Defaults to `5`.","description_kind":"markdown","optional":true},"id":{"type":"string","description_kind":"plain","optional":true,"computed":true},"name":{"type":"string","description_kind":"plain","required":true}},"description":"Flows \u0026 Stages --- ","description_kind":"markdown"}},"authentik_stage_prompt":{"version":0,"block":{"attributes":{"fields":{"type":["list","string"],"description_kind":"plain","required":true},"id":{"type":"string","description_kind":"plain","optional":true,"computed":true},"name":{"type":"string","description_kind":"plain","required":true},"validation_policies":{"type":["list","string"],"description_kind":"plain","optional":true}},"description":"Flows \u0026 Stages --- ","description_kind":"markdown"}},"authentik_stage_prompt_field":{"version":0,"block":{"attributes":{"field_key":{"type":"string","description_kind":"plain","required":true},"id":{"type":"string","description_kind":"plain","optional":true,"computed":true},"initial_value":{"type":"string","description_kind":"plain","optional":true},"initial_value_expression":{"type":"bool","description":"Defaults to `false`.","description_kind":"markdown","optional":true},"label":{"type":"string","description_kind":"plain","required":true},"name":{"type":"string","description_kind":"plain","required":true},"order":{"type":"number","description_kind":"plain","optional":true},"placeholder":{"type":"string","description_kind":"plain","optional":true},"placeholder_expression":{"type":"bool","description":"Defaults to `false`.","description_kind":"markdown","optional":true},"required":{"type":"bool","description":"Defaults to `false`.","description_kind":"markdown","optional":true},"sub_text":{"type":"string","description":"Defaults to ``.","description_kind":"markdown","optional":true},"type":{"type":"string","description":"Allowed values:\n  - `text`\n  - `text_area`\n  - `text_read_only`\n  - `text_area_read_only`\n  - `username`\n  - `email`\n  - `password`\n  - `number`\n  - `checkbox`\n  - `radio-button-group`\n  - `dropdown`\n  - `date`\n  - `date-time`\n  - `file`\n  - `separator`\n  - `hidden`\n  - `static`\n  - `ak-locale`","description_kind":"markdown","required":true}},"description":"Flows \u0026 Stages --- ","description_kind":"markdown"}},"authentik_stage_redirect":{"version":0,"block":{"attributes":{"id":{"type":"string","description_kind":"plain","optional":true,"computed":true},"keep_context":{"type":"bool","description":"Defaults to `true`.","description_kind":"markdown","optional":true},"mode":{"type":"string","description":"Allowed values:\n  - `static`\n  - `flow`\n Defaults to `flow`.","description_kind":"markdown","optional":true},"name":{"type":"string","description_kind":"plain","required":true},"target_flow":{"type":"string","description_kind":"plain","optional":true},"target_static":{"type":"string","description_kind":"plain","optional":true}},"description":"Flows \u0026 Stages --- ","description_kind":"markdown"}},"authentik_stage_source":{"version":0,"block":{"attributes":{"id":{"type":"string","description_kind":"plain","optional":true,"computed":true},"name":{"type":"string","description_kind":"plain","required":true},"resume_timeout":{"type":"string","description":"Defaults to `minutes=10`.","description_kind":"markdown","optional":true},"source":{"type":"string","description_kind":"plain","optional":true}},"description":"Flows \u0026 Stages --- ","description_kind":"markdown"}},"authentik_stage_user_delete":{"version":0,"block":{"attributes":{"id":{"type":"string","description_kind":"plain","optional":true,"computed":true},"name":{"type":"string","description_kind":"plain","required":true}},"description":"Flows \u0026 Stages --- ","description_kind":"markdown"}},"authentik_stage_user_login":{"version":0,"block":{"attributes":{"geoip_binding":{"type":"string","description":"Allowed values:\n  - `no_binding`\n  - `bind_continent`\n  - `bind_continent_country`\n  - `bind_continent_country_city`\n Defaults to `no_binding`.","description_kind":"markdown","optional":true},"id":{"type":"string","description_kind":"plain","optional":true,"computed":true},"name":{"type":"string","description_kind":"plain","required":true},"network_binding":{"type":"string","description":"Allowed values:\n  - `no_binding`\n  - `bind_asn`\n  - `bind_asn_network`\n  - `bind_asn_network_ip`\n Defaults to `no_binding`.","description_kind":"markdown","optional":true},"remember_me_offset":{"type":"string","description":"Defaults to `seconds=0`.","description_kind":"markdown","optional":true},"session_duration":{"type":"string","description":"Defaults to `seconds=0`.","description_kind":"markdown","optional":true},"terminate_other_sessions":{"type":"bool","description":"Defaults to `false`.","description_kind":"markdown","optional":true}},"description":"Flows \u0026 Stages --- ","description_kind":"markdown"}},"authentik_stage_user_logout":{"version":0,"block":{"attributes":{"id":{"type":"string","description_kind":"plain","optional":true,"computed":true},"name":{"type":"string","description_kind":"plain","required":true}},"description":"Flows \u0026 Stages --- ","description_kind":"markdown"}},"authentik_stage_user_write":{"version":0,"block":{"attributes":{"create_users_as_inactive":{"type":"bool","description":"Defaults to `true`.","description_kind":"markdown","optional":true},"create_users_group":{"type":"string","description_kind":"plain","optional":true},"id":{"type":"string","description_kind":"plain","optional":true,"computed":true},"name":{"type":"string","description_kind":"plain","required":true},"user_creation_mode":{"type":"string","description":"Allowed values:\n  - `never_create`\n  - `create_when_required`\n  - `always_create`\n Defaults to `create_when_required`.","description_kind":"markdown","optional":true},"user_path_template":{"type":"string","description":"Defaults to ``.","description_kind":"markdown","optional":true},"user_type":{"type":"string","description":"Allowed values:\n  - `internal`\n  - `external`\n  - `service_account`\n Defaults to `external`.","description_kind":"markdown","optional":true}},"description":"Flows \u0026 Stages --- ","description_kind":"markdown"}},"authentik_system_settings":{"version":0,"block":{"attributes":{"avatars":{"type":"string","description":"Defaults to `gravatar,initials`.","description_kind":"markdown","optional":true},"default_token_duration":{"type":"string","description":"Defaults to `minutes=30`.","description_kind":"markdown","optional":true},"default_token_length":{"type":"number","description":"Defaults to `60`.","description_kind":"markdown","optional":true},"default_user_change_email":{"type":"bool","description":"Defaults to `false`.","description_kind":"markdown","optional":true},"default_user_change_name":{"type":"bool","description":"Defaults to `true`.","description_kind":"markdown","optional":true},"default_user_change_username":{"type":"bool","description":"Defaults to `false`.","description_kind":"markdown","optional":true},"event_retention":{"type":"string","description":"Defaults to `days=365`.","description_kind":"markdown","optional":true},"footer_links":{"type":["list",["map","string"]],"description_kind":"plain","optional":true},"gdpr_compliance":{"type":"bool","description":"Defaults to `true`.","description_kind":"markdown","optional":true},"id":{"type":"string","description_kind":"plain","optional":true,"computed":true},"impersonation":{"type":"bool","description":"Defaults to `true`.","description_kind":"markdown","optional":true}},"description":"System --- ","description_kind":"markdown"}},"authentik_token":{"version":0,"block":{"attributes":{"description":{"type":"string","description_kind":"plain","optional":true},"expires":{"type":"string","description_kind":"plain","optional":true},"expires_in":{"type":"number","description":"Generated.","description_kind":"markdown","computed":true},"expiring":{"type":"bool","description":"Defaults to `true`.","description_kind":"markdown","optional":true},"id":{"type":"string","description_kind":"plain","optional":true,"computed":true},"identifier":{"type":"string","description_kind":"plain","required":true},"intent":{"type":"string","description":"Allowed values:\n  - `verification`\n  - `api`\n  - `recovery`\n  - `app_password`\n Defaults to `api`.","description_kind":"markdown","optional":true},"key":{"type":"string","description":"Generated.","description_kind":"markdown","computed":true,"sensitive":true},"retrieve_key":{"type":"bool","description":"Defaults to `false`.","description_kind":"markdown","optional":true},"user":{"type":"number","description_kind":"plain","required":true}},"description":"Directory --- ","description_kind":"markdown"}},"authentik_user":{"version":0,"block":{"attributes":{"attributes":{"type":"string","description":"JSON format expected. Use jsonencode() to pass objects. Defaults to `{}`.","description_kind":"markdown","optional":true},"email":{"type":"string","description_kind":"plain","optional":true},"groups":{"type":["list","string"],"description":"Generated.","description_kind":"markdown","optional":true,"computed":true},"id":{"type":"string","description_kind":"plain","optional":true,"computed":true},"is_active":{"type":"bool","description":"Defaults to `true`.","description_kind":"markdown","optional":true},"name":{"type":"string","description":"Defaults to ``.","description_kind":"markdown","optional":true},"password":{"type":"string","description":"Optionally set the user's password. Changing the password in authentik will not trigger an update here.","description_kind":"markdown","optional":true,"sensitive":true},"path":{"type":"string","description":"Defaults to `users`.","description_kind":"markdown","optional":true},"type":{"type":"string","description":"Allowed values:\n  - `internal`\n  - `external`\n  - `service_account`\n  - `internal_service_account`\n Defaults to `internal`.","description_kind":"markdown","optional":true},"username":{"type":"string","description_kind":"plain","required":true}},"description":"Directory --- ","description_kind":"markdown"}}},"data_source_schemas":{"authentik_brand":{"version":0,"block":{"attributes":{"branding_favicon":{"type":"string","description":"Generated.","description_kind":"markdown","optional":true,"computed":true},"branding_logo":{"type":"string","description":"Generated.","description_kind":"markdown","optional":true,"computed":true},"branding_title":{"type":"string","description":"Generated.","description_kind":"markdown","optional":true,"computed":true},"default":{"type":"bool","description":"Generated.","description_kind":"markdown","optional":true,"computed":true},"default_application":{"type":"string","description":"Generated.","description_kind":"markdown","optional":true,"computed":true},"domain":{"type":"string","description":"Generated.","description_kind":"markdown","optional":true,"computed":true},"flow_authentication":{"type":"string","description":"Generated.","description_kind":"markdown","optional":true,"computed":true},"flow_device_code":{"type":"string","description":"Generated.","description_kind":"markdown","optional":true,"computed":true},"flow_invalidation":{"type":"string","description":"Generated.","description_kind":"markdown","optional":true,"computed":true},"flow_recovery":{"type":"string","description":"Generated.","description_kind":"markdown","optional":true,"computed":true},"flow_unenrollment":{"type":"string","description":"Generated.","description_kind":"markdown","optional":true,"computed":true},"flow_user_settings":{"type":"string","description":"Generated.","description_kind":"markdown","optional":true,"computed":true},"id":{"type":"string","description_kind":"plain","optional":true,"computed":true},"web_certificate":{"type":"string","description":"Generated.","description_kind":"markdown","optional":true,"computed":true}},"description":"System --- Get brands by domain","description_kind":"markdown"}},"authentik_certificate_key_pair":{"version":0,"block":{"attributes":{"certificate_data":{"type":"string","description":"Generated.","description_kind":"markdown","computed":true},"expiry":{"type":"string","description":"Generated.","description_kind":"markdown","computed":true},"fetch_certificate":{"type":"bool","description":"If set to true, certificate data will be fetched. Defaults to `true`.","description_kind":"markdown","optional":true},"fetch_key":{"type":"bool","description":"If set to true, private key data will be fetched. Defaults to `true`.","description_kind":"markdown","optional":true},"fingerprint1":{"type":"string","description":"SHA1-hashed certificate fingerprint Generated.","description_kind":"markdown","computed":true},"fingerprint256":{"type":"string","description":"SHA256-hashed certificate fingerprint Generated.","description_kind":"markdown","computed":true},"id":{"type":"string","description":"Generated.","description_kind":"markdown","computed":true},"key_data":{"type":"string","description":"Generated.","description_kind":"markdown","optional":true,"computed":true,"sensitive":true},"name":{"type":"string","description_kind":"plain","required":true},"subject":{"type":"string","description":"Generated.","description_kind":"markdown","computed":true}},"description":"System --- Get certificate-key pairs by name","description_kind":"markdown"}},"authentik_flow":{"version":0,"block":{"attributes":{"authentication":{"type":"string","description":"Generated.","description_kind":"markdown","optional":true,"computed":true},"designation":{"type":"string","description":"Generated.","description_kind":"markdown","optional":true,"computed":true},"id":{"type":"string","description_kind":"plain","optional":true,"computed":true},"name":{"type":"string","description":"Generated.","description_kind":"markdown","computed":true},"slug":{"type":"string","description":"Generated.","description_kind":"markdown","optional":true,"computed":true},"title":{"type":"string","description":"Generated.","description_kind":"markdown","computed":true}},"description":"Flows \u0026 Stages --- Get flows by Slug and/or designation","description_kind":"markdown"}},"authentik_group":{"version":0,"block":{"attributes":{"attributes":{"type":"string","description":"Generated.","description_kind":"markdown","computed":true},"id":{"type":"string","description_kind":"plain","optional":true,"computed":true},"include_users":{"type":"bool","description":"Whether to include group members. Note that depending on group size, this can make the Terraform state a lot larger. Defaults to `true`.","description_kind":"markdown","optional":true},"is_superuser":{"type":"bool","description":"Generated.","description_kind":"markdown","computed":true},"name":{"type":"string","description_kind":"plain","optional":true},"num_pk":{"type":"number","description":"Generated.","description_kind":"markdown","computed":true},"parent":{"type":"string","description":"Generated.","description_kind":"markdown","computed":true},"parent_name":{"type":"string","description":"Generated.","description_kind":"markdown","computed":true},"pk":{"type":"string","description_kind":"plain","optional":true},"users":{"type":["list","number"],"description":"Generated.","description_kind":"markdown","computed":true},"users_obj":{"type":["list",["object",{"attributes":"string","email":"string","is_active":"bool","last_login":"string","name":"string","pk":"number","uid":"string","username":"string"}]],"description":"Generated.","description_kind":"markdown","computed":true}},"description":"Directory --- Get groups by pk or name","description_kind":"markdown"}},"authentik_groups":{"version":0,"block":{"attributes":{"attributes":{"type":"string","description_kind":"plain","optional":true},"groups":{"type":["list",["object",{"attributes":"string","is_superuser":"bool","name":"string","num_pk":"number","parent":"string","parent_name":"string","pk":"string","users":["list","number"],"users_obj":["list",["object",{"attributes":"string","email":"string","is_active":"bool","last_login":"string","name":"string","pk":"number","uid":"string","username":"string"}]]}]],"description":"Generated.","description_kind":"markdown","computed":true},"id":{"type":"string","description_kind":"plain","optional":true,"computed":true},"include_users":{"type":"bool","description":"Whether to include group members. Note that depending on group size, this can make the Terraform state a lot larger. Defaults to `true`.","description_kind":"markdown","optional":true},"is_superuser":{"type":"bool","description_kind":"plain","optional":true},"members_by_pk":{"type":["list","number"],"description_kind":"plain","optional":true},"members_by_username":{"type":["list","string"],"description_kind":"plain","optional":true},"name":{"type":"string","description_kind":"plain","optional":true},"ordering":{"type":"string","description_kind":"plain","optional":true},"search":{"type":"string","description_kind":"plain","optional":true}},"description":"Directory --- Get groups list","description_kind":"markdown"}},"authentik_property_mapping_provider_rac":{"version":0,"block":{"attributes":{"expression":{"type":"string","description":"Generated.","description_kind":"markdown","computed":true},"id":{"type":"string","description_kind":"plain","optional":true,"computed":true},"ids":{"type":["list","string"],"description":"List of ids when `managed_list` is set. Generated.","description_kind":"markdown","optional":true,"computed":true},"managed":{"type":"string","description_kind":"plain","optional":true},"managed_list":{"type":["list","string"],"description":"Retrieve multiple property mappings","description_kind":"markdown","optional":true},"name":{"type":"string","description_kind":"plain","optional":true},"settings":{"type":"string","description":"Generated.","description_kind":"markdown","optional":true,"computed":true}},"description":"Customization --- Get RAC Provider Property mappings","description_kind":"markdown"}},"authentik_property_mapping_provider_radius":{"version":0,"block":{"attributes":{"expression":{"type":"string","description":"Generated.","description_kind":"markdown","computed":true},"id":{"type":"string","description_kind":"plain","optional":true,"computed":true},"ids":{"type":["list","string"],"description":"List of ids when `managed_list` is set. Generated.","description_kind":"markdown","optional":true,"computed":true},"managed":{"type":"string","description_kind":"plain","optional":true},"managed_list":{"type":["list","string"],"description":"Retrieve multiple property mappings","description_kind":"markdown","optional":true},"name":{"type":"string","description_kind":"plain","optional":true}},"description":"Customization --- Get Radius Provider Property mappings","description_kind":"markdown"}},"authentik_property_mapping_provider_saml":{"version":0,"block":{"attributes":{"expression":{"type":"string","description":"Generated.","description_kind":"markdown","optional":true,"computed":true},"friendly_name":{"type":"string","description":"Generated.","description_kind":"markdown","optional":true,"computed":true},"id":{"type":"string","description_kind":"plain","optional":true,"computed":true},"ids":{"type":["list","string"],"description":"List of ids when `managed_list` is set. Generated.","description_kind":"markdown","optional":true,"computed":true},"managed":{"type":"string","description_kind":"plain","optional":true},"managed_list":{"type":["list","string"],"description":"Retrieve multiple property mappings","description_kind":"markdown","optional":true},"name":{"type":"string","description_kind":"plain","optional":true},"saml_name":{"type":"string","description":"Generated.","description_kind":"markdown","optional":true,"computed":true}},"description":"Customization --- Get SAML Provider Property mappings","description_kind":"markdown"}},"authentik_property_mapping_provider_scim":{"version":0,"block":{"attributes":{"expression":{"type":"string","description":"Generated.","description_kind":"markdown","computed":true},"id":{"type":"string","description_kind":"plain","optional":true,"computed":true},"ids":{"type":["list","string"],"description":"List of ids when `managed_list` is set. Generated.","description_kind":"markdown","optional":true,"computed":true},"managed":{"type":"string","description_kind":"plain","optional":true},"managed_list":{"type":["list","string"],"description":"Retrieve multiple property mappings","description_kind":"markdown","optional":true},"name":{"type":"string","description_kind":"plain","optional":true}},"description":"Customization --- Get SCIM Provider Property mappings","description_kind":"markdown"}},"authentik_property_mapping_provider_scope":{"version":0,"block":{"attributes":{"description":{"type":"string","description":"Generated.","description_kind":"markdown","computed":true},"expression":{"type":"string","description":"Generated.","description_kind":"markdown","computed":true},"id":{"type":"string","description_kind":"plain","optional":true,"computed":true},"ids":{"type":["list","string"],"description":"List of ids when `managed_list` is set. Generated.","description_kind":"markdown","optional":true,"computed":true},"managed":{"type":"string","description_kind":"plain","optional":true},"managed_list":{"type":["list","string"],"description":"Retrieve multiple property mappings","description_kind":"markdown","optional":true},"name":{"type":"string","description_kind":"plain","optional":true},"scope_name":{"type":"string","description":"Generated.","description_kind":"markdown","optional":true,"computed":true}},"description":"Customization --- Get OAuth Provider Scope Property mappings","description_kind":"markdown"}},"authentik_property_mapping_source_ldap":{"version":0,"block":{"attributes":{"expression":{"type":"string","description":"Generated.","description_kind":"markdown","computed":true},"id":{"type":"string","description_kind":"plain","optional":true,"computed":true},"ids":{"type":["list","string"],"description":"List of ids when `managed_list` is set. Generated.","description_kind":"markdown","optional":true,"computed":true},"managed":{"type":"string","description_kind":"plain","optional":true},"managed_list":{"type":["list","string"],"description":"Retrieve multiple property mappings","description_kind":"markdown","optional":true},"name":{"type":"string","description_kind":"plain","optional":true}},"description":"Customization --- Get LDAP Source Property mappings","description_kind":"markdown"}},"authentik_provider_oauth2_config":{"version":0,"block":{"attributes":{"authorize_url":{"type":"string","description":"Generated.","description_kind":"markdown","computed":true},"id":{"type":"string","description_kind":"plain","optional":true,"computed":true},"issuer_url":{"type":"string","description":"Generated.","description_kind":"markdown","computed":true},"jwks_url":{"type":"string","description":"Generated.","description_kind":"markdown","computed":true},"logout_url":{"type":"string","description":"Generated.","description_kind":"markdown","computed":true},"name":{"type":"string","description":"Find provider by name","description_kind":"markdown","optional":true},"provider_id":{"type":"number","description":"Find provider by ID","description_kind":"markdown","optional":true},"provider_info_url":{"type":"string","description":"Generated.","description_kind":"markdown","computed":true},"token_url":{"type":"string","description":"Generated.","description_kind":"markdown","computed":true},"user_info_url":{"type":"string","description":"Generated.","description_kind":"markdown","computed":true}},"description":"Applications --- Get OAuth2 provider config","description_kind":"markdown"}},"authentik_provider_saml_metadata":{"version":0,"block":{"attributes":{"id":{"type":"string","description_kind":"plain","optional":true,"computed":true},"metadata":{"type":"string","description":"SAML Metadata Generated.","description_kind":"markdown","computed":true},"name":{"type":"string","description":"Find provider by name","description_kind":"markdown","optional":true},"provider_id":{"type":"number","description":"Find provider by ID","description_kind":"markdown","optional":true}},"description":"Applications --- Get SAML Provider metadata","description_kind":"markdown"}},"authentik_source":{"version":0,"block":{"attributes":{"id":{"type":"string","description_kind":"plain","optional":true,"computed":true},"managed":{"type":"string","description":"Generated.","description_kind":"markdown","optional":true,"computed":true},"name":{"type":"string","description":"Generated.","description_kind":"markdown","computed":true},"slug":{"type":"string","description":"Generated.","description_kind":"markdown","optional":true,"computed":true},"uuid":{"type":"string","description":"Generated.","description_kind":"markdown","computed":true}},"description":"Directory --- Get Source by name, slug or managed","description_kind":"markdown"}},"authentik_stage":{"version":0,"block":{"attributes":{"id":{"type":"string","description_kind":"plain","optional":true,"computed":true},"name":{"type":"string","description":"Generated.","description_kind":"markdown","optional":true,"computed":true}},"description":"Flows \u0026 Stages --- Get stages by name","description_kind":"markdown"}},"authentik_user":{"version":0,"block":{"attributes":{"attributes":{"type":"string","description":"Generated.","description_kind":"markdown","computed":true},"avatar":{"type":"string","description":"Generated.","description_kind":"markdown","computed":true},"email":{"type":"string","description":"Generated.","description_kind":"markdown","computed":true},"groups":{"type":["list","string"],"description":"Generated.","description_kind":"markdown","computed":true},"id":{"type":"string","description_kind":"plain","optional":true,"computed":true},"is_active":{"type":"bool","description":"Generated.","description_kind":"markdown","computed":true},"is_superuser":{"type":"bool","description":"Generated.","description_kind":"markdown","computed":true},"last_login":{"type":"string","description":"Generated.","description_kind":"markdown","computed":true},"name":{"type":"string","description":"Generated.","description_kind":"markdown","computed":true},"path":{"type":"string","description":"Generated.","description_kind":"markdown","computed":true},"pk":{"type":"number","description":"Generated.","description_kind":"markdown","optional":true,"computed":true},"type":{"type":"string","description":"Generated.","description_kind":"markdown","computed":true},"uid":{"type":"string","description":"Generated.","description_kind":"markdown","computed":true},"username":{"type":"string","description":"Generated.","description_kind":"markdown","optional":true,"computed":true},"uuid":{"type":"string","description":"Generated.","description_kind":"markdown","computed":true}},"description":"Directory --- Get users by pk or username","description_kind":"markdown"}},"authentik_users":{"version":0,"block":{"attributes":{"attributes":{"type":"string","description_kind":"plain","optional":true},"email":{"type":"string","description_kind":"plain","optional":true},"groups_by_name":{"type":["list","string"],"description_kind":"plain","optional":true},"groups_by_pk":{"type":["list","string"],"description_kind":"plain","optional":true},"id":{"type":"string","description_kind":"plain","optional":true,"computed":true},"is_active":{"type":"bool","description_kind":"plain","optional":true},"is_superuser":{"type":"bool","description_kind":"plain","optional":true},"name":{"type":"string","description_kind":"plain","optional":true},"ordering":{"type":"string","description_kind":"plain","optional":true},"path":{"type":"string","description_kind":"plain","optional":true},"path_startswith":{"type":"string","description_kind":"plain","optional":true},"search":{"type":"string","description_kind":"plain","optional":true},"username":{"type":"string","description_kind":"plain","optional":true},"users":{"type":["list",["object",{"attributes":"string","avatar":"string","email":"string","groups":["list","string"],"is_active":"bool","is_superuser":"bool","last_login":"string","name":"string","path":"string","pk":"number","type":"string","uid":"string","username":"string","uuid":"string"}]],"description":"Generated.","description_kind":"markdown","computed":true},"uuid":{"type":"string","description_kind":"plain","optional":true}},"description":"Directory --- Get users list","description_kind":"markdown"}},"authentik_webauthn_device_type":{"version":0,"block":{"attributes":{"aaguid":{"type":"string","description":"Generated.","description_kind":"markdown","computed":true},"description":{"type":"string","description":"Generated.","description_kind":"markdown","optional":true,"computed":true},"id":{"type":"string","description_kind":"plain","optional":true,"computed":true}},"description":"Flows \u0026 Stages --- ","description_kind":"markdown"}}}},"registry.terraform.io/hashicorp/null":{"provider":{"version":0,"block":{"description_kind":"plain"}},"resource_schemas":{"null_resource":{"version":0,"block":{"attributes":{"id":{"type":"string","description":"This is set to a random value at create time.","description_kind":"plain","computed":true},"triggers":{"type":["map","string"],"description":"A map of arbitrary strings that, when changed, will force the null resource to be replaced, re-running any associated provisioners.","description_kind":"plain","optional":true}},"description":"The `null_resource` resource implements the standard resource lifecycle but takes no further action. On Terraform 1.4 and later, use the [`terraform_data` resource type](https://developer.hashicorp.com/terraform/language/resources/terraform-data) instead. Terraform 1.9 and later support the `moved` configuration block from `null_resource` to `terraform_data`.\n\nThe `triggers` argument allows specifying an arbitrary set of values that, when changed, will cause the resource to be replaced.","description_kind":"plain"}}},"data_source_schemas":{"null_data_source":{"version":0,"block":{"attributes":{"has_computed_default":{"type":"string","description":"If set, its literal value will be stored and returned. If not, its value defaults to `\"default\"`. This argument exists primarily for testing and has little practical use.","description_kind":"plain","optional":true,"computed":true},"id":{"type":"string","description":"This attribute is only present for some legacy compatibility issues and should not be used. It will be removed in a future version.","description_kind":"plain","deprecated":true,"computed":true},"inputs":{"type":["map","string"],"description":"A map of arbitrary strings that is copied into the `outputs` attribute, and accessible directly for interpolation.","description_kind":"plain","optional":true},"outputs":{"type":["map","string"],"description":"After the data source is \"read\", a copy of the `inputs` map.","description_kind":"plain","computed":true},"random":{"type":"string","description":"A random value. This is primarily for testing and has little practical use; prefer the [hashicorp/random provider](https://registry.terraform.io/providers/hashicorp/random) for more practical random number use-cases.","description_kind":"plain","computed":true}},"description":"The `null_data_source` data source implements the standard data source lifecycle but does not\ninteract with any external APIs.\n\nHistorically, the `null_data_source` was typically used to construct intermediate values to re-use elsewhere in configuration. The\nsame can now be achieved using [locals](https://developer.hashicorp.com/terraform/language/values/locals) or the [terraform_data resource type](https://developer.hashicorp.com/terraform/language/resources/terraform-data) in Terraform 1.4 and later.","description_kind":"plain","deprecated":true}}}},"registry.terraform.io/hashicorp/random":{"provider":{"version":0,"block":{"description_kind":"plain"}},"resource_schemas":{"random_bytes":{"version":0,"block":{"attributes":{"base64":{"type":"string","description":"The generated bytes presented in base64 string format.","description_kind":"plain","computed":true,"sensitive":true},"hex":{"type":"string","description":"The generated bytes presented in lowercase hexadecimal string format. The length of the encoded string is exactly twice the `length` parameter.","description_kind":"plain","computed":true,"sensitive":true},"keepers":{"type":["map","string"],"description":"Arbitrary map of values that, when changed, will trigger recreation of resource. See [the main provider documentation](../index.html) for more information.","description_kind":"plain","optional":true},"length":{"type":"number","description":"The number of bytes requested. The minimum value for length is 1.","description_kind":"plain","required":true}},"description":"The resource `random_bytes` generates random bytes that are intended to be used as a secret, or key. Use this in preference to `random_id` when the output is considered sensitive, and should not be displayed in the CLI.\n\nThis resource *does* use a cryptographic random number generator.","description_kind":"plain"}},"random_id":{"version":0,"block":{"attributes":{"b64_std":{"type":"string","description":"The generated id presented in base64 without additional transformations.","description_kind":"plain","computed":true},"b64_url":{"type":"string","description":"The generated id presented in base64, using the URL-friendly character set: case-sensitive letters, digits and the characters `_` and `-`.","description_kind":"plain","computed":true},"byte_length":{"type":"number","description":"The number of random bytes to produce. The minimum value is 1, which produces eight bits of randomness.","description_kind":"plain","required":true},"dec":{"type":"string","description":"The generated id presented in non-padded decimal digits.","description_kind":"plain","computed":true},"hex":{"type":"string","description":"The generated id presented in padded hexadecimal digits. This result will always be twice as long as the requested byte length.","description_kind":"plain","computed":true},"id":{"type":"string","description":"The generated id presented in base64 without additional transformations or prefix.","description_kind":"plain","computed":true},"keepers":{"type":["map","string"],"description":"Arbitrary map of values that, when changed, will trigger recreation of resource. See [the main provider documentation](../index.html) for more information.","description_kind":"plain","optional":true},"prefix":{"type":"string","description":"Arbitrary string to prefix the output value with. This string is supplied as-is, meaning it is not guaranteed to be URL-safe or base64 encoded.","description_kind":"plain","optional":true}},"description":"\nThe resource `random_id` generates random numbers that are intended to be\nused as unique identifiers for other resources. If the output is considered \nsensitive, and should not be displayed in the CLI, use `random_bytes`\ninstead.\n\nThis resource *does* use a cryptographic random number generator in order\nto minimize the chance of collisions, making the results of this resource\nwhen a 16-byte identifier is requested of equivalent uniqueness to a\ntype-4 UUID.\n\nThis resource can be used in conjunction with resources that have\nthe `create_before_destroy` lifecycle flag set to avoid conflicts with\nunique names during the brief period where both the old and new resources\nexist concurrently.\n","description_kind":"plain"}},"random_integer":{"version":0,"block":{"attributes":{"id":{"type":"string","description":"The string representation of the integer result.","description_kind":"plain","computed":true},"keepers":{"type":["map","string"],"description":"Arbitrary map of values that, when changed, will trigger recreation of resource. See [the main provider documentation](../index.html) for more information.","description_kind":"plain","optional":true},"max":{"type":"number","description":"The maximum inclusive value of the range.","description_kind":"plain","required":true},"min":{"type":"number","description":"The minimum inclusive value of the range.","description_kind":"plain","required":true},"result":{"type":"number","description":"The random integer result.","description_kind":"plain","computed":true},"seed":{"type":"string","description":"A custom seed to always produce the same value.","description_kind":"plain","optional":true}},"description":"The resource `random_integer` generates random values from a given range, described by the `min` and `max` attributes of a given resource.\n\nThis resource can be used in conjunction with resources that have the `create_before_destroy` lifecycle flag set, to avoid conflicts with unique names during the brief period where both the old and new resources exist concurrently.","description_kind":"plain"}},"random_password":{"version":3,"block":{"attributes":{"bcrypt_hash":{"type":"string","description":"A bcrypt hash of the generated random string. **NOTE**: If the generated random string is greater than 72 bytes in length, `bcrypt_hash` will contain a hash of the first 72 bytes.","description_kind":"plain","computed":true,"sensitive":true},"id":{"type":"string","description":"A static value used internally by Terraform, this should not be referenced in configurations.","description_kind":"plain","computed":true},"keepers":{"type":["map","string"],"description":"Arbitrary map of values that, when changed, will trigger recreation of resource. See [the main provider documentation](../index.html) for more information.","description_kind":"plain","optional":true},"length":{"type":"number","description":"The length of the string desired. The minimum value for length is 1 and, length must also be \u003e= (`min_upper` + `min_lower` + `min_numeric` + `min_special`).","description_kind":"plain","required":true},"lower":{"type":"bool","description":"Include lowercase alphabet characters in the result. Default value is `true`.","description_kind":"plain","optional":true,"computed":true},"min_lower":{"type":"number","description":"Minimum number of lowercase alphabet characters in the result. Default value is `0`.","description_kind":"plain","optional":true,"computed":true},"min_numeric":{"type":"number","description":"Minimum number of numeric characters in the result. Default value is `0`.","description_kind":"plain","optional":true,"computed":true},"min_special":{"type":"number","description":"Minimum number of special characters in the result. Default value is `0`.","description_kind":"plain","optional":true,"computed":true},"min_upper":{"type":"number","description":"Minimum number of uppercase alphabet characters in the result. Default value is `0`.","description_kind":"plain","optional":true,"computed":true},"number":{"type":"bool","description":"Include numeric characters in the result. Default value is `true`. If `number`, `upper`, `lower`, and `special` are all configured, at least one of them must be set to `true`. **NOTE**: This is deprecated, use `numeric` instead.","description_kind":"plain","deprecated":true,"optional":true,"computed":true},"numeric":{"type":"bool","description":"Include numeric characters in the result. Default value is `true`. If `numeric`, `upper`, `lower`, and `special` are all configured, at least one of them must be set to `true`.","description_kind":"plain","optional":true,"computed":true},"override_special":{"type":"string","description":"Supply your own list of special characters to use for string generation.  This overrides the default character list in the special argument.  The `special` argument must still be set to true for any overwritten characters to be used in generation.","description_kind":"plain","optional":true},"result":{"type":"string","description":"The generated random string.","description_kind":"plain","computed":true,"sensitive":true},"special":{"type":"bool","description":"Include special characters in the result. These are `!@#$%\u0026*()-_=+[]{}\u003c\u003e:?`. Default value is `true`.","description_kind":"plain","optional":true,"computed":true},"upper":{"type":"bool","description":"Include uppercase alphabet characters in the result. Default value is `true`.","description_kind":"plain","optional":true,"computed":true}},"description":"-\u003e If the managed resource supports a write-only attribute for the password (first introduced in Terraform 1.11), then the ephemeral variant of [`random_password`](https://registry.terraform.io/providers/hashicorp/random/latest/docs/ephemeral-resources/password) should be used, when possible, to avoid storing the password in the plan or state file.\n\nIdentical to [`random_string`](https://registry.terraform.io/providers/hashicorp/random/latest/docs/resources/string) with the exception that the result is treated as sensitive and, thus, _not_ displayed in console output. Read more about sensitive data handling in the [Terraform documentation](https://developer.hashicorp.com/terraform/language/state/sensitive-data).\n\nThis resource *does* use a cryptographic random number generator.","description_kind":"plain"}},"random_pet":{"version":0,"block":{"attributes":{"id":{"type":"string","description":"The random pet name.","description_kind":"plain","computed":true},"keepers":{"type":["map","string"],"description":"Arbitrary map of values that, when changed, will trigger recreation of resource. See [the main provider documentation](../index.html) for more information.","description_kind":"plain","optional":true},"length":{"type":"number","description":"The length (in words) of the pet name. Defaults to 2","description_kind":"plain","optional":true,"computed":true},"prefix":{"type":"string","description":"A string to prefix the name with.","description_kind":"plain","optional":true},"separator":{"type":"string","description":"The character to separate words in the pet name. Defaults to \"-\"","description_kind":"plain","optional":true,"computed":true}},"description":"The resource `random_pet` generates random pet names that are intended to be used as unique identifiers for other resources.\n\nThis resource can be used in conjunction with resources that have the `create_before_destroy` lifecycle flag set, to avoid conflicts with unique names during the brief period where both the old and new resources exist concurrently.","description_kind":"plain"}},"random_shuffle":{"version":0,"block":{"attributes":{"id":{"type":"string","description":"A static value used internally by Terraform, this should not be referenced in configurations.","description_kind":"plain","computed":true},"input":{"type":["list","string"],"description":"The list of strings to shuffle.","description_kind":"plain","required":true},"keepers":{"type":["map","string"],"description":"Arbitrary map of values that, when changed, will trigger recreation of resource. See [the main provider documentation](../index.html) for more information.","description_kind":"plain","optional":true},"result":{"type":["list","string"],"description":"Random permutation of the list of strings given in `input`. The number of elements is determined by `result_count` if set, or the number of elements in `input`.","description_kind":"plain","computed":true},"result_count":{"type":"number","description":"The number of results to return. Defaults to the number of items in the `input` list. If fewer items are requested, some elements will be excluded from the result. If more items are requested, items will be repeated in the result but not more frequently than the number of items in the input list.","description_kind":"plain","optional":true},"seed":{"type":"string","description":"Arbitrary string with which to seed the random number generator, in order to produce less-volatile permutations of the list.\n\n**Important:** Even with an identical seed, it is not guaranteed that the same permutation will be produced across different versions of Terraform. This argument causes the result to be *less volatile*, but not fixed for all time.","description_kind":"plain","optional":true}},"description":"The resource `random_shuffle` generates a random permutation of a list of strings given as an argument.","description_kind":"plain"}},"random_string":{"version":2,"block":{"attributes":{"id":{"type":"string","description":"The generated random string.","description_kind":"plain","computed":true},"keepers":{"type":["map","string"],"description":"Arbitrary map of values that, when changed, will trigger recreation of resource. See [the main provider documentation](../index.html) for more information.","description_kind":"plain","optional":true},"length":{"type":"number","description":"The length of the string desired. The minimum value for length is 1 and, length must also be \u003e= (`min_upper` + `min_lower` + `min_numeric` + `min_special`).","description_kind":"plain","required":true},"lower":{"type":"bool","description":"Include lowercase alphabet characters in the result. Default value is `true`.","description_kind":"plain","optional":true,"computed":true},"min_lower":{"type":"number","description":"Minimum number of lowercase alphabet characters in the result. Default value is `0`.","description_kind":"plain","optional":true,"computed":true},"min_numeric":{"type":"number","description":"Minimum number of numeric characters in the result. Default value is `0`.","description_kind":"plain","optional":true,"computed":true},"min_special":{"type":"number","description":"Minimum number of special characters in the result. Default value is `0`.","description_kind":"plain","optional":true,"computed":true},"min_upper":{"type":"number","description":"Minimum number of uppercase alphabet characters in the result. Default value is `0`.","description_kind":"plain","optional":true,"computed":true},"number":{"type":"bool","description":"Include numeric characters in the result. Default value is `true`. If `number`, `upper`, `lower`, and `special` are all configured, at least one of them must be set to `true`. **NOTE**: This is deprecated, use `numeric` instead.","description_kind":"plain","deprecated":true,"optional":true,"computed":true},"numeric":{"type":"bool","description":"Include numeric characters in the result. Default value is `true`. If `numeric`, `upper`, `lower`, and `special` are all configured, at least one of them must be set to `true`.","description_kind":"plain","optional":true,"computed":true},"override_special":{"type":"string","description":"Supply your own list of special characters to use for string generation.  This overrides the default character list in the special argument.  The `special` argument must still be set to true for any overwritten characters to be used in generation.","description_kind":"plain","optional":true},"result":{"type":"string","description":"The generated random string.","description_kind":"plain","computed":true},"special":{"type":"bool","description":"Include special characters in the result. These are `!@#$%\u0026*()-_=+[]{}\u003c\u003e:?`. Default value is `true`.","description_kind":"plain","optional":true,"computed":true},"upper":{"type":"bool","description":"Include uppercase alphabet characters in the result. Default value is `true`.","description_kind":"plain","optional":true,"computed":true}},"description":"The resource `random_string` generates a random permutation of alphanumeric characters and optionally special characters.\n\nThis resource *does* use a cryptographic random number generator.\n\nHistorically this resource's intended usage has been ambiguous as the original example used it in a password. For backwards compatibility it will continue to exist. For unique ids please use [random_id](id.html), for sensitive random values please use [random_password](password.html).","description_kind":"plain"}},"random_uuid":{"version":0,"block":{"attributes":{"id":{"type":"string","description":"The generated uuid presented in string format.","description_kind":"plain","computed":true},"keepers":{"type":["map","string"],"description":"Arbitrary map of values that, when changed, will trigger recreation of resource. See [the main provider documentation](../index.html) for more information.","description_kind":"plain","optional":true},"result":{"type":"string","description":"The generated uuid presented in string format.","description_kind":"plain","computed":true}},"description":"The resource `random_uuid` generates a random uuid string that is intended to be used as a unique identifier for other resources.\n\nThis resource uses [hashicorp/go-uuid](https://github.com/hashicorp/go-uuid) to generate a UUID-formatted string for use with services needing a unique string identifier.","description_kind":"plain"}},"random_uuid4":{"version":0,"block":{"attributes":{"id":{"type":"string","description":"The generated uuid presented in string format.","description_kind":"plain","computed":true},"keepers":{"type":["map","string"],"description":"Arbitrary map of values that, when changed, will trigger recreation of resource. See [the main provider documentation](../index.html) for more information.","description_kind":"plain","optional":true},"result":{"type":"string","description":"The generated uuid presented in string format.","description_kind":"plain","computed":true}},"description":"The resource `random_uuid4` generates a random version 4 uuid string that is intended to be used as a unique identifier for other resources.\n\nThis resource uses [google/uuid](https://github.com/google/uuid) to generate a valid V4 UUID for use with services needing a unique string identifier.","description_kind":"plain"}},"random_uuid7":{"version":0,"block":{"attributes":{"id":{"type":"string","description":"The generated uuid presented in string format.","description_kind":"plain","computed":true},"keepers":{"type":["map","string"],"description":"Arbitrary map of values that, when changed, will trigger recreation of resource. See [the main provider documentation](../index.html) for more information.","description_kind":"plain","optional":true},"result":{"type":"string","description":"The generated uuid presented in string format.","description_kind":"plain","computed":true}},"description":"The resource `random_uuid7` generates a random version 7 uuid string that is intended to be used as a unique identifier for other resources.\n\nThis resource uses [google/uuid](https://github.com/google/uuid) to generate a valid V7 UUID for use with services needing a unique string identifier.","description_kind":"plain"}}},"ephemeral_resource_schemas":{"random_password":{"version":0,"block":{"attributes":{"bcrypt_hash":{"type":"string","description":"A bcrypt hash of the generated random string. **NOTE**: If the generated random string is greater than 72 bytes in length, `bcrypt_hash` will contain a hash of the first 72 bytes.","description_kind":"plain","computed":true,"sensitive":true},"length":{"type":"number","description":"The length of the string desired. The minimum value for length is 1 and, length must also be \u003e= (`min_upper` + `min_lower` + `min_numeric` + `min_special`).","description_kind":"plain","required":true},"lower":{"type":"bool","description":"Include lowercase alphabet characters in the result. Default value is `true`.","description_kind":"plain","optional":true,"computed":true},"min_lower":{"type":"number","description":"Minimum number of lowercase alphabet characters in the result. Default value is `0`.","description_kind":"plain","optional":true,"computed":true},"min_numeric":{"type":"number","description":"Minimum number of numeric characters in the result. Default value is `0`.","description_kind":"plain","optional":true,"computed":true},"min_special":{"type":"number","description":"Minimum number of special characters in the result. Default value is `0`.","description_kind":"plain","optional":true,"computed":true},"min_upper":{"type":"number","description":"Minimum number of uppercase alphabet characters in the result. Default value is `0`.","description_kind":"plain","optional":true,"computed":true},"numeric":{"type":"bool","description":"Include numeric characters in the result. Default value is `true`. If `numeric`, `upper`, `lower`, and `special` are all configured, at least one of them must be set to `true`.","description_kind":"plain","optional":true,"computed":true},"override_special":{"type":"string","description":"Supply your own list of special characters to use for string generation.  This overrides the default character list in the special argument.  The `special` argument must still be set to true for any overwritten characters to be used in generation.","description_kind":"plain","optional":true},"result":{"type":"string","description":"The generated random string.","description_kind":"plain","computed":true,"sensitive":true},"special":{"type":"bool","description":"Include special characters in the result. These are `!@#$%\u0026*()-_=+[]{}\u003c\u003e:?`. Default value is `true`.","description_kind":"plain","optional":true,"computed":true},"upper":{"type":"bool","description":"Include uppercase alphabet characters in the result. Default value is `true`.","description_kind":"plain","optional":true,"computed":true}},"description":"-\u003e If the managed resource doesn't have a write-only argument available for the password (first introduced in Terraform 1.11), then the password can only be created with the managed resource variant of [`random_password`](https://registry.terraform.io/providers/hashicorp/random/latest/docs/resources/password).\n\nGenerates an ephemeral password string using a cryptographic random number generator.\n\nThe primary use-case for generating an ephemeral random password is to be used in combination with a write-only argument in a managed resource, which will avoid Terraform storing the password string in the plan or state file.","description_kind":"plain"}}}}}}
